// !$*UTF8*$!
{
	archiveVersion = 1;
	classes = {
	};
	objectVersion = 46;
	objects = {

/* Begin PBXBuildFile section */
		270B88E01C8261F7009DE8B3 /* AskTrainerViewController.m in Sources */ = {isa = PBXBuildFile; fileRef = 270B88DF1C8261F7009DE8B3 /* AskTrainerViewController.m */; };
		270B88E31C826390009DE8B3 /* AnswerCell.xib in Resources */ = {isa = PBXBuildFile; fileRef = 270B88E21C826390009DE8B3 /* AnswerCell.xib */; };
		270B88E61C8265C5009DE8B3 /* AnswerCell.m in Sources */ = {isa = PBXBuildFile; fileRef = 270B88E51C8265C5009DE8B3 /* AnswerCell.m */; };
		270B88E81C829F0F009DE8B3 /* AnswerTrainerViewController.m in Sources */ = {isa = PBXBuildFile; fileRef = 270B88E71C829F0F009DE8B3 /* AnswerTrainerViewController.m */; };
		270B88EF1C82D231009DE8B3 /* WinnerTableCell.m in Sources */ = {isa = PBXBuildFile; fileRef = 270B88EE1C82D231009DE8B3 /* WinnerTableCell.m */; };
		270B88F11C82D240009DE8B3 /* WinnerTableCell.xib in Resources */ = {isa = PBXBuildFile; fileRef = 270B88F01C82D240009DE8B3 /* WinnerTableCell.xib */; };
		27117ED41C585A1800EF4516 /* mpt2.jpg in Resources */ = {isa = PBXBuildFile; fileRef = 27117ED31C585A1800EF4516 /* mpt2.jpg */; };
		27158D931C0A9A1A0002272B /* Exercises.plist in Resources */ = {isa = PBXBuildFile; fileRef = 27158D921C0A9A1A0002272B /* Exercises.plist */; };
		27158D991C0AA8670002272B /* SimpleTableCell.m in Sources */ = {isa = PBXBuildFile; fileRef = 27158D981C0AA8670002272B /* SimpleTableCell.m */; };
		27158D9B1C0AA8BE0002272B /* SimpleTableCell.xib in Resources */ = {isa = PBXBuildFile; fileRef = 27158D9A1C0AA8BE0002272B /* SimpleTableCell.xib */; };
		2720DB7D1C05346E00B7F7CD /* TableViewController.m in Sources */ = {isa = PBXBuildFile; fileRef = 2720DB7C1C05346E00B7F7CD /* TableViewController.m */; };
		272A3EFE1C2178CB00AAF185 /* WorkoutViewContoller.m in Sources */ = {isa = PBXBuildFile; fileRef = 272A3EFD1C2178CB00AAF185 /* WorkoutViewContoller.m */; };
		272A3F011C217C6C00AAF185 /* Workouts.plist in Resources */ = {isa = PBXBuildFile; fileRef = 272A3F001C217C6C00AAF185 /* Workouts.plist */; };
		272A3F031C217F7700AAF185 /* WorkoutTableCell.m in Sources */ = {isa = PBXBuildFile; fileRef = 272A3F021C217F7700AAF185 /* WorkoutTableCell.m */; };
		272A3F061C217FCA00AAF185 /* WorkoutTableCell.xib in Resources */ = {isa = PBXBuildFile; fileRef = 272A3F051C217FCA00AAF185 /* WorkoutTableCell.xib */; };
		272BD16C1C4F31840006519D /* ViewController.m in Sources */ = {isa = PBXBuildFile; fileRef = 272BD16B1C4F31840006519D /* ViewController.m */; };
		273E48BB1C4C9B5600F56D57 /* IMG_1111.png in Resources */ = {isa = PBXBuildFile; fileRef = 273E48891C4C9B5600F56D57 /* IMG_1111.png */; };
		273E48BC1C4C9B5600F56D57 /* IMG_1115.png in Resources */ = {isa = PBXBuildFile; fileRef = 273E488A1C4C9B5600F56D57 /* IMG_1115.png */; };
		273E48BD1C4C9B5600F56D57 /* IMG_1117.png in Resources */ = {isa = PBXBuildFile; fileRef = 273E488B1C4C9B5600F56D57 /* IMG_1117.png */; };
		273E48BE1C4C9B5600F56D57 /* IMG_1121.png in Resources */ = {isa = PBXBuildFile; fileRef = 273E488C1C4C9B5600F56D57 /* IMG_1121.png */; };
		273E48BF1C4C9B5600F56D57 /* IMG_1125.png in Resources */ = {isa = PBXBuildFile; fileRef = 273E488D1C4C9B5600F56D57 /* IMG_1125.png */; };
		273E48C01C4C9B5600F56D57 /* IMG_1127.png in Resources */ = {isa = PBXBuildFile; fileRef = 273E488E1C4C9B5600F56D57 /* IMG_1127.png */; };
		273E48C11C4C9B5600F56D57 /* IMG_1129.png in Resources */ = {isa = PBXBuildFile; fileRef = 273E488F1C4C9B5600F56D57 /* IMG_1129.png */; };
		273E48C21C4C9B5600F56D57 /* IMG_1132.png in Resources */ = {isa = PBXBuildFile; fileRef = 273E48901C4C9B5600F56D57 /* IMG_1132.png */; };
		273E48C31C4C9B5600F56D57 /* IMG_1133.png in Resources */ = {isa = PBXBuildFile; fileRef = 273E48911C4C9B5600F56D57 /* IMG_1133.png */; };
		273E48C41C4C9B5600F56D57 /* IMG_1139.png in Resources */ = {isa = PBXBuildFile; fileRef = 273E48921C4C9B5600F56D57 /* IMG_1139.png */; };
		273E48C51C4C9B5600F56D57 /* IMG_1140.png in Resources */ = {isa = PBXBuildFile; fileRef = 273E48931C4C9B5600F56D57 /* IMG_1140.png */; };
		273E48C61C4C9B5600F56D57 /* IMG_1141.png in Resources */ = {isa = PBXBuildFile; fileRef = 273E48941C4C9B5600F56D57 /* IMG_1141.png */; };
		273E48C71C4C9B5600F56D57 /* IMG_1142.png in Resources */ = {isa = PBXBuildFile; fileRef = 273E48951C4C9B5600F56D57 /* IMG_1142.png */; };
		273E48C81C4C9B5600F56D57 /* IMG_1143.png in Resources */ = {isa = PBXBuildFile; fileRef = 273E48961C4C9B5600F56D57 /* IMG_1143.png */; };
		273E48C91C4C9B5600F56D57 /* IMG_1144.png in Resources */ = {isa = PBXBuildFile; fileRef = 273E48971C4C9B5600F56D57 /* IMG_1144.png */; };
		273E48CA1C4C9B5600F56D57 /* IMG_1145.png in Resources */ = {isa = PBXBuildFile; fileRef = 273E48981C4C9B5600F56D57 /* IMG_1145.png */; };
		273E48CB1C4C9B5600F56D57 /* IMG_1148.png in Resources */ = {isa = PBXBuildFile; fileRef = 273E48991C4C9B5600F56D57 /* IMG_1148.png */; };
		273E48CC1C4C9B5600F56D57 /* IMG_1150.png in Resources */ = {isa = PBXBuildFile; fileRef = 273E489A1C4C9B5600F56D57 /* IMG_1150.png */; };
		273E48CD1C4C9B5600F56D57 /* IMG_1152.png in Resources */ = {isa = PBXBuildFile; fileRef = 273E489B1C4C9B5600F56D57 /* IMG_1152.png */; };
		273E48CE1C4C9B5600F56D57 /* IMG_1154.png in Resources */ = {isa = PBXBuildFile; fileRef = 273E489C1C4C9B5600F56D57 /* IMG_1154.png */; };
		273E48CF1C4C9B5600F56D57 /* IMG_1156.png in Resources */ = {isa = PBXBuildFile; fileRef = 273E489D1C4C9B5600F56D57 /* IMG_1156.png */; };
		273E48D01C4C9B5600F56D57 /* IMG_1161.png in Resources */ = {isa = PBXBuildFile; fileRef = 273E489E1C4C9B5600F56D57 /* IMG_1161.png */; };
		273E48D11C4C9B5600F56D57 /* IMG_1163.png in Resources */ = {isa = PBXBuildFile; fileRef = 273E489F1C4C9B5600F56D57 /* IMG_1163.png */; };
		273E48D21C4C9B5600F56D57 /* IMG_1165.png in Resources */ = {isa = PBXBuildFile; fileRef = 273E48A01C4C9B5600F56D57 /* IMG_1165.png */; };
		273E48D31C4C9B5600F56D57 /* IMG_1169.png in Resources */ = {isa = PBXBuildFile; fileRef = 273E48A11C4C9B5600F56D57 /* IMG_1169.png */; };
		273E48D41C4C9B5600F56D57 /* IMG_1171.png in Resources */ = {isa = PBXBuildFile; fileRef = 273E48A21C4C9B5600F56D57 /* IMG_1171.png */; };
		273E48D51C4C9B5600F56D57 /* IMG_1172.png in Resources */ = {isa = PBXBuildFile; fileRef = 273E48A31C4C9B5600F56D57 /* IMG_1172.png */; };
		273E48D61C4C9B5600F56D57 /* IMG_1174.png in Resources */ = {isa = PBXBuildFile; fileRef = 273E48A41C4C9B5600F56D57 /* IMG_1174.png */; };
		273E48D71C4C9B5600F56D57 /* IMG_1176.png in Resources */ = {isa = PBXBuildFile; fileRef = 273E48A51C4C9B5600F56D57 /* IMG_1176.png */; };
		273E48D81C4C9B5600F56D57 /* IMG_1178.png in Resources */ = {isa = PBXBuildFile; fileRef = 273E48A61C4C9B5600F56D57 /* IMG_1178.png */; };
		273E48D91C4C9B5600F56D57 /* IMG_1180.png in Resources */ = {isa = PBXBuildFile; fileRef = 273E48A71C4C9B5600F56D57 /* IMG_1180.png */; };
		273E48DA1C4C9B5600F56D57 /* IMG_1182.png in Resources */ = {isa = PBXBuildFile; fileRef = 273E48A81C4C9B5600F56D57 /* IMG_1182.png */; };
		273E48DB1C4C9B5600F56D57 /* IMG_1184.png in Resources */ = {isa = PBXBuildFile; fileRef = 273E48A91C4C9B5600F56D57 /* IMG_1184.png */; };
		273E48DC1C4C9B5600F56D57 /* IMG_1186.png in Resources */ = {isa = PBXBuildFile; fileRef = 273E48AA1C4C9B5600F56D57 /* IMG_1186.png */; };
		273E48DD1C4C9B5600F56D57 /* IMG_1187.png in Resources */ = {isa = PBXBuildFile; fileRef = 273E48AB1C4C9B5600F56D57 /* IMG_1187.png */; };
		273E48DE1C4C9B5600F56D57 /* IMG_1189.png in Resources */ = {isa = PBXBuildFile; fileRef = 273E48AC1C4C9B5600F56D57 /* IMG_1189.png */; };
		273E48DF1C4C9B5600F56D57 /* IMG_1191.png in Resources */ = {isa = PBXBuildFile; fileRef = 273E48AD1C4C9B5600F56D57 /* IMG_1191.png */; };
		273E48E01C4C9B5600F56D57 /* IMG_1195.png in Resources */ = {isa = PBXBuildFile; fileRef = 273E48AE1C4C9B5600F56D57 /* IMG_1195.png */; };
		273E48E11C4C9B5600F56D57 /* IMG_1197.png in Resources */ = {isa = PBXBuildFile; fileRef = 273E48AF1C4C9B5600F56D57 /* IMG_1197.png */; };
		273E48E21C4C9B5600F56D57 /* IMG_1198.png in Resources */ = {isa = PBXBuildFile; fileRef = 273E48B01C4C9B5600F56D57 /* IMG_1198.png */; };
		273E48E31C4C9B5600F56D57 /* IMG_1199.png in Resources */ = {isa = PBXBuildFile; fileRef = 273E48B11C4C9B5600F56D57 /* IMG_1199.png */; };
		273E48E41C4C9B5600F56D57 /* IMG_1200.png in Resources */ = {isa = PBXBuildFile; fileRef = 273E48B21C4C9B5600F56D57 /* IMG_1200.png */; };
		273E48E51C4C9B5600F56D57 /* IMG_1202.png in Resources */ = {isa = PBXBuildFile; fileRef = 273E48B31C4C9B5600F56D57 /* IMG_1202.png */; };
		273E48E61C4C9B5600F56D57 /* IMG_1204.png in Resources */ = {isa = PBXBuildFile; fileRef = 273E48B41C4C9B5600F56D57 /* IMG_1204.png */; };
		273E48E71C4C9B5600F56D57 /* IMG_1206.png in Resources */ = {isa = PBXBuildFile; fileRef = 273E48B51C4C9B5600F56D57 /* IMG_1206.png */; };
		273E48E81C4C9B5600F56D57 /* IMG_1230.png in Resources */ = {isa = PBXBuildFile; fileRef = 273E48B61C4C9B5600F56D57 /* IMG_1230.png */; };
		273E48E91C4C9B5600F56D57 /* IMG_1231.png in Resources */ = {isa = PBXBuildFile; fileRef = 273E48B71C4C9B5600F56D57 /* IMG_1231.png */; };
		273E48EA1C4C9B5600F56D57 /* IMG_1235.png in Resources */ = {isa = PBXBuildFile; fileRef = 273E48B81C4C9B5600F56D57 /* IMG_1235.png */; };
		273E48EB1C4C9B5600F56D57 /* IMG_1236.png in Resources */ = {isa = PBXBuildFile; fileRef = 273E48B91C4C9B5600F56D57 /* IMG_1236.png */; };
		273E48EC1C4C9B5600F56D57 /* IMG_1238.png in Resources */ = {isa = PBXBuildFile; fileRef = 273E48BA1C4C9B5600F56D57 /* IMG_1238.png */; };
		2741FD611C2B105E00D15A94 /* iAd.framework in Frameworks */ = {isa = PBXBuildFile; fileRef = 2741FD601C2B105E00D15A94 /* iAd.framework */; };
		2741FD7C1C3401A800D15A94 /* QuartzCore.framework in Frameworks */ = {isa = PBXBuildFile; fileRef = 2741FD7B1C3401A800D15A94 /* QuartzCore.framework */; };
		2741FD7E1C3401D200D15A94 /* Accelerate.framework in Frameworks */ = {isa = PBXBuildFile; fileRef = 2741FD7D1C3401D200D15A94 /* Accelerate.framework */; };
		2741FD801C34027500D15A94 /* StatisticsViewController.m in Sources */ = {isa = PBXBuildFile; fileRef = 2741FD7F1C34027500D15A94 /* StatisticsViewController.m */; };
		2741FD911C36752700D15A94 /* Muscles.plist in Resources */ = {isa = PBXBuildFile; fileRef = 2741FD901C36752700D15A94 /* Muscles.plist */; };
		275433701C938477001B5687 /* IMG_1110.png in Resources */ = {isa = PBXBuildFile; fileRef = 275433571C938477001B5687 /* IMG_1110.png */; };
		275433711C938477001B5687 /* IMG_1337.png in Resources */ = {isa = PBXBuildFile; fileRef = 275433581C938477001B5687 /* IMG_1337.png */; };
		275433721C938477001B5687 /* IMG_1338.png in Resources */ = {isa = PBXBuildFile; fileRef = 275433591C938477001B5687 /* IMG_1338.png */; };
		275433731C938477001B5687 /* IMG_1340.png in Resources */ = {isa = PBXBuildFile; fileRef = 2754335A1C938477001B5687 /* IMG_1340.png */; };
		275433741C938477001B5687 /* IMG_1341.png in Resources */ = {isa = PBXBuildFile; fileRef = 2754335B1C938477001B5687 /* IMG_1341.png */; };
		275433751C938477001B5687 /* IMG_1342.png in Resources */ = {isa = PBXBuildFile; fileRef = 2754335C1C938477001B5687 /* IMG_1342.png */; };
		275433761C938477001B5687 /* IMG_1343.png in Resources */ = {isa = PBXBuildFile; fileRef = 2754335D1C938477001B5687 /* IMG_1343.png */; };
		275433791C938477001B5687 /* IMG_1356.png in Resources */ = {isa = PBXBuildFile; fileRef = 275433601C938477001B5687 /* IMG_1356.png */; };
		2754337A1C938477001B5687 /* IMG_1357.png in Resources */ = {isa = PBXBuildFile; fileRef = 275433611C938477001B5687 /* IMG_1357.png */; };
		2754337B1C938477001B5687 /* IMG_1360.png in Resources */ = {isa = PBXBuildFile; fileRef = 275433621C938477001B5687 /* IMG_1360.png */; };
		2754337C1C938477001B5687 /* IMG_1361.png in Resources */ = {isa = PBXBuildFile; fileRef = 275433631C938477001B5687 /* IMG_1361.png */; };
		2754337D1C938477001B5687 /* IMG_1363.png in Resources */ = {isa = PBXBuildFile; fileRef = 275433641C938477001B5687 /* IMG_1363.png */; };
		2754337E1C938477001B5687 /* IMG_1365.png in Resources */ = {isa = PBXBuildFile; fileRef = 275433651C938477001B5687 /* IMG_1365.png */; };
		2754337F1C938477001B5687 /* IMG_1370.png in Resources */ = {isa = PBXBuildFile; fileRef = 275433661C938477001B5687 /* IMG_1370.png */; };
		275433801C938477001B5687 /* IMG_1371.png in Resources */ = {isa = PBXBuildFile; fileRef = 275433671C938477001B5687 /* IMG_1371.png */; };
		275433811C938477001B5687 /* IMG_1373.png in Resources */ = {isa = PBXBuildFile; fileRef = 275433681C938477001B5687 /* IMG_1373.png */; };
		275433821C938477001B5687 /* IMG_1374.png in Resources */ = {isa = PBXBuildFile; fileRef = 275433691C938477001B5687 /* IMG_1374.png */; };
		275433831C938477001B5687 /* IMG_1376.png in Resources */ = {isa = PBXBuildFile; fileRef = 2754336A1C938477001B5687 /* IMG_1376.png */; };
		275433841C938477001B5687 /* IMG_1377.png in Resources */ = {isa = PBXBuildFile; fileRef = 2754336B1C938477001B5687 /* IMG_1377.png */; };
		275433851C938477001B5687 /* IMG_1378.png in Resources */ = {isa = PBXBuildFile; fileRef = 2754336C1C938477001B5687 /* IMG_1378.png */; };
		275433861C938477001B5687 /* IMG_1379.png in Resources */ = {isa = PBXBuildFile; fileRef = 2754336D1C938477001B5687 /* IMG_1379.png */; };
		275433871C938477001B5687 /* IMG_1385.png in Resources */ = {isa = PBXBuildFile; fileRef = 2754336E1C938477001B5687 /* IMG_1385.png */; };
		275433881C938477001B5687 /* IMG_1386.png in Resources */ = {isa = PBXBuildFile; fileRef = 2754336F1C938477001B5687 /* IMG_1386.png */; };
		2754338A1C951A0E001B5687 /* WorkoutChoiceViewController.m in Sources */ = {isa = PBXBuildFile; fileRef = 275433891C951A0E001B5687 /* WorkoutChoiceViewController.m */; };
		2754338D1C95286B001B5687 /* PowerLiftChoiceViewController.m in Sources */ = {isa = PBXBuildFile; fileRef = 2754338C1C95286B001B5687 /* PowerLiftChoiceViewController.m */; };
		27764C981C055F8D002F9122 /* ExerciseTableViewCell.m in Sources */ = {isa = PBXBuildFile; fileRef = 27764C971C055F8D002F9122 /* ExerciseTableViewCell.m */; };
		27784A4E1C432C9F00363198 /* FBSDKShareKit.framework in Frameworks */ = {isa = PBXBuildFile; fileRef = 27784A4D1C432C9F00363198 /* FBSDKShareKit.framework */; };
		27784A501C432CD300363198 /* FBSDKCoreKit.framework in Frameworks */ = {isa = PBXBuildFile; fileRef = 27784A4F1C432CD300363198 /* FBSDKCoreKit.framework */; };
		27814A931CA766FA003DA2D2 /* IMG_1344.png in Resources */ = {isa = PBXBuildFile; fileRef = 27814A911CA766FA003DA2D2 /* IMG_1344.png */; };
		27814A941CA766FA003DA2D2 /* IMG_1346.png in Resources */ = {isa = PBXBuildFile; fileRef = 27814A921CA766FA003DA2D2 /* IMG_1346.png */; };
		27814AA01CA76983003DA2D2 /* IMG_1392.png in Resources */ = {isa = PBXBuildFile; fileRef = 27814A9E1CA76983003DA2D2 /* IMG_1392.png */; };
		27814AA11CA76983003DA2D2 /* IMG_1393.png in Resources */ = {isa = PBXBuildFile; fileRef = 27814A9F1CA76983003DA2D2 /* IMG_1393.png */; };
		27814AA41CA76C4A003DA2D2 /* IMG_1405.png in Resources */ = {isa = PBXBuildFile; fileRef = 27814AA21CA76C4A003DA2D2 /* IMG_1405.png */; };
		27814AA51CA76C4A003DA2D2 /* IMG_1406.png in Resources */ = {isa = PBXBuildFile; fileRef = 27814AA31CA76C4A003DA2D2 /* IMG_1406.png */; };
		27814AA81CA76D3C003DA2D2 /* IMG_1396.png in Resources */ = {isa = PBXBuildFile; fileRef = 27814AA61CA76D3C003DA2D2 /* IMG_1396.png */; };
		27814AA91CA76D3C003DA2D2 /* IMG_1397.png in Resources */ = {isa = PBXBuildFile; fileRef = 27814AA71CA76D3C003DA2D2 /* IMG_1397.png */; };
		27814AAB1CA79114003DA2D2 /* QA.plist in Resources */ = {isa = PBXBuildFile; fileRef = 27814AAA1CA79114003DA2D2 /* QA.plist */; };
		2799F7261C7BC1C30041079B /* Main.storyboard in Resources */ = {isa = PBXBuildFile; fileRef = 2799F7251C7BC1C30041079B /* Main.storyboard */; };
		2799F72B1C7BE6040041079B /* CheckInViewController.m in Sources */ = {isa = PBXBuildFile; fileRef = 2799F72A1C7BE6040041079B /* CheckInViewController.m */; };
		279B70A91C3D1FE00042BD93 /* 5Stars.png in Resources */ = {isa = PBXBuildFile; fileRef = 279B70A81C3D1FE00042BD93 /* 5Stars.png */; };
		279B70B11C3D3F0F0042BD93 /* 1Stars.png in Resources */ = {isa = PBXBuildFile; fileRef = 279B70AD1C3D3F0F0042BD93 /* 1Stars.png */; };
		279B70B21C3D3F0F0042BD93 /* 2Stars.png in Resources */ = {isa = PBXBuildFile; fileRef = 279B70AE1C3D3F0F0042BD93 /* 2Stars.png */; };
		279B70B31C3D3F0F0042BD93 /* 3Stars.png in Resources */ = {isa = PBXBuildFile; fileRef = 279B70AF1C3D3F0F0042BD93 /* 3Stars.png */; };
		279B70B41C3D3F0F0042BD93 /* 4Stars.png in Resources */ = {isa = PBXBuildFile; fileRef = 279B70B01C3D3F0F0042BD93 /* 4Stars.png */; };
		279B70B81C3D3F290042BD93 /* 0Stars.png in Resources */ = {isa = PBXBuildFile; fileRef = 279B70B71C3D3F290042BD93 /* 0Stars.png */; };
		27C6CB421C21D383009E5341 /* Workout.m in Sources */ = {isa = PBXBuildFile; fileRef = 27C6CB411C21D383009E5341 /* Workout.m */; };
		27C9F0291C952B8B0006261B /* DetailWorkoutPowerLiftViewController.m in Sources */ = {isa = PBXBuildFile; fileRef = 27C9F0281C952B8B0006261B /* DetailWorkoutPowerLiftViewController.m */; };
		27C9F02C1C9661A10006261B /* ok-icon.png in Resources */ = {isa = PBXBuildFile; fileRef = 27C9F02B1C9661A10006261B /* ok-icon.png */; };
		27C9F02F1C96678C0006261B /* PowerLiftViewController.m in Sources */ = {isa = PBXBuildFile; fileRef = 27C9F02E1C96678C0006261B /* PowerLiftViewController.m */; };
		27C9F0511CA4B1D20006261B /* libCorePlot-CocoaTouch.a in Frameworks */ = {isa = PBXBuildFile; fileRef = 27C9F04C1CA4B0D10006261B /* libCorePlot-CocoaTouch.a */; };
		27C9F0541CA4B58C0006261B /* PLStatsCell.m in Sources */ = {isa = PBXBuildFile; fileRef = 27C9F0531CA4B58C0006261B /* PLStatsCell.m */; };
		27C9F0571CA4B5A90006261B /* PLStatsCell.xib in Resources */ = {isa = PBXBuildFile; fileRef = 27C9F0561CA4B5A90006261B /* PLStatsCell.xib */; };
		27C9F0591CA4B8050006261B /* PLStatisticsViewController.m in Sources */ = {isa = PBXBuildFile; fileRef = 27C9F0581CA4B8050006261B /* PLStatisticsViewController.m */; };
		27D96C4F1C3FE31B0055ADAF /* sidePlank1.png in Resources */ = {isa = PBXBuildFile; fileRef = 27D96C4D1C3FE31B0055ADAF /* sidePlank1.png */; };
		27D96C501C3FE31B0055ADAF /* sidePlank2.png in Resources */ = {isa = PBXBuildFile; fileRef = 27D96C4E1C3FE31B0055ADAF /* sidePlank2.png */; };
		27DAE1561C25475E002A03D5 /* DetailWorkoutViewContoller.m in Sources */ = {isa = PBXBuildFile; fileRef = 27DAE1551C25475E002A03D5 /* DetailWorkoutViewContoller.m */; };
		27DAE15A1C27D328002A03D5 /* DetailExerciseViewController.m in Sources */ = {isa = PBXBuildFile; fileRef = 27DAE1591C27D328002A03D5 /* DetailExerciseViewController.m */; };
		27E116981C03ABB800E8E2AF /* main.m in Sources */ = {isa = PBXBuildFile; fileRef = 27E116971C03ABB800E8E2AF /* main.m */; };
		27E1169B1C03ABB800E8E2AF /* AppDelegate.m in Sources */ = {isa = PBXBuildFile; fileRef = 27E1169A1C03ABB800E8E2AF /* AppDelegate.m */; };
		27E116A31C03ABB800E8E2AF /* Assets.xcassets in Resources */ = {isa = PBXBuildFile; fileRef = 27E116A21C03ABB800E8E2AF /* Assets.xcassets */; };
		27E116A61C03ABB800E8E2AF /* LaunchScreen.storyboard in Resources */ = {isa = PBXBuildFile; fileRef = 27E116A41C03ABB800E8E2AF /* LaunchScreen.storyboard */; };
		27E116B11C03ABB900E8E2AF /* myPersonalTrainerTests.m in Sources */ = {isa = PBXBuildFile; fileRef = 27E116B01C03ABB900E8E2AF /* myPersonalTrainerTests.m */; };
		27E116BC1C03ABB900E8E2AF /* myPersonalTrainerUITests.m in Sources */ = {isa = PBXBuildFile; fileRef = 27E116BB1C03ABB900E8E2AF /* myPersonalTrainerUITests.m */; };
		27E116CD1C03B5D100E8E2AF /* FBSDKLoginKit.framework in Frameworks */ = {isa = PBXBuildFile; fileRef = 27E116CC1C03B5D100E8E2AF /* FBSDKLoginKit.framework */; };
		27FA78B01C811DC6002FEC0B /* SuggestionsViewController.m in Sources */ = {isa = PBXBuildFile; fileRef = 27FA78AF1C811DC6002FEC0B /* SuggestionsViewController.m */; };
		27FA78B71C8189C3002FEC0B /* StatTableCell.xib in Resources */ = {isa = PBXBuildFile; fileRef = 27FA78B61C8189C3002FEC0B /* StatTableCell.xib */; };
		27FA78BC1C819D5E002FEC0B /* StatTableCell.m in Sources */ = {isa = PBXBuildFile; fileRef = 27FA78BB1C819D5E002FEC0B /* StatTableCell.m */; };
/* End PBXBuildFile section */

/* Begin PBXContainerItemProxy section */
		27C9F0431CA4B0D10006261B /* PBXContainerItemProxy */ = {
			isa = PBXContainerItemProxy;
			containerPortal = 27C9F0361CA4B0D10006261B /* CorePlot.xcodeproj */;
			proxyType = 2;
			remoteGlobalIDString = 8DC2EF5B0486A6940098B216;
			remoteInfo = "CorePlot Mac";
		};
		27C9F0451CA4B0D10006261B /* PBXContainerItemProxy */ = {
			isa = PBXContainerItemProxy;
			containerPortal = 27C9F0361CA4B0D10006261B /* CorePlot.xcodeproj */;
			proxyType = 2;
			remoteGlobalIDString = 0730F600109492D800E95162;
			remoteInfo = "UnitTests Mac";
		};
		27C9F0471CA4B0D10006261B /* PBXContainerItemProxy */ = {
			isa = PBXContainerItemProxy;
			containerPortal = 27C9F0361CA4B0D10006261B /* CorePlot.xcodeproj */;
			proxyType = 2;
			remoteGlobalIDString = C38A09781A46185200D45436;
			remoteInfo = "CorePlot iOS";
		};
		27C9F0491CA4B0D10006261B /* PBXContainerItemProxy */ = {
			isa = PBXContainerItemProxy;
			containerPortal = 27C9F0361CA4B0D10006261B /* CorePlot.xcodeproj */;
			proxyType = 2;
			remoteGlobalIDString = C38A09821A46185300D45436;
			remoteInfo = "UnitTests iOS";
		};
		27C9F04B1CA4B0D10006261B /* PBXContainerItemProxy */ = {
			isa = PBXContainerItemProxy;
			containerPortal = 27C9F0361CA4B0D10006261B /* CorePlot.xcodeproj */;
			proxyType = 2;
			remoteGlobalIDString = C38A09BA1A4619A900D45436;
			remoteInfo = "CorePlot-CocoaTouch";
		};
		27C9F04D1CA4B0D10006261B /* PBXContainerItemProxy */ = {
			isa = PBXContainerItemProxy;
			containerPortal = 27C9F0361CA4B0D10006261B /* CorePlot.xcodeproj */;
			proxyType = 2;
			remoteGlobalIDString = C38A09C41A4619A900D45436;
			remoteInfo = "CorePlot-CocoaTouchTests";
		};
		27C9F04F1CA4B1770006261B /* PBXContainerItemProxy */ = {
			isa = PBXContainerItemProxy;
			containerPortal = 27C9F0361CA4B0D10006261B /* CorePlot.xcodeproj */;
			proxyType = 1;
			remoteGlobalIDString = C38A09B91A4619A900D45436;
			remoteInfo = "CorePlot-CocoaTouch";
		};
		27E116AD1C03ABB900E8E2AF /* PBXContainerItemProxy */ = {
			isa = PBXContainerItemProxy;
			containerPortal = 27E1168B1C03ABB800E8E2AF /* Project object */;
			proxyType = 1;
			remoteGlobalIDString = 27E116921C03ABB800E8E2AF;
			remoteInfo = myPersonalTrainer;
		};
		27E116B81C03ABB900E8E2AF /* PBXContainerItemProxy */ = {
			isa = PBXContainerItemProxy;
			containerPortal = 27E1168B1C03ABB800E8E2AF /* Project object */;
			proxyType = 1;
			remoteGlobalIDString = 27E116921C03ABB800E8E2AF;
			remoteInfo = myPersonalTrainer;
		};
/* End PBXContainerItemProxy section */

/* Begin PBXFileReference section */
		270B88DF1C8261F7009DE8B3 /* AskTrainerViewController.m */ = {isa = PBXFileReference; fileEncoding = 4; lastKnownFileType = sourcecode.c.objc; path = AskTrainerViewController.m; sourceTree = "<group>"; };
		270B88E11C826206009DE8B3 /* AskTrainerViewController.h */ = {isa = PBXFileReference; lastKnownFileType = sourcecode.c.h; path = AskTrainerViewController.h; sourceTree = "<group>"; };
		270B88E21C826390009DE8B3 /* AnswerCell.xib */ = {isa = PBXFileReference; fileEncoding = 4; lastKnownFileType = file.xib; path = AnswerCell.xib; sourceTree = "<group>"; };
		270B88E41C8265BB009DE8B3 /* AnswerCell.h */ = {isa = PBXFileReference; lastKnownFileType = sourcecode.c.h; path = AnswerCell.h; sourceTree = "<group>"; };
		270B88E51C8265C5009DE8B3 /* AnswerCell.m */ = {isa = PBXFileReference; fileEncoding = 4; lastKnownFileType = sourcecode.c.objc; path = AnswerCell.m; sourceTree = "<group>"; };
		270B88E71C829F0F009DE8B3 /* AnswerTrainerViewController.m */ = {isa = PBXFileReference; fileEncoding = 4; lastKnownFileType = sourcecode.c.objc; path = AnswerTrainerViewController.m; sourceTree = "<group>"; };
		270B88E91C829F1C009DE8B3 /* AnswerTrainerViewController.h */ = {isa = PBXFileReference; lastKnownFileType = sourcecode.c.h; path = AnswerTrainerViewController.h; sourceTree = "<group>"; };
		270B88ED1C82D227009DE8B3 /* WinnerTableCell.h */ = {isa = PBXFileReference; lastKnownFileType = sourcecode.c.h; path = WinnerTableCell.h; sourceTree = "<group>"; };
		270B88EE1C82D231009DE8B3 /* WinnerTableCell.m */ = {isa = PBXFileReference; fileEncoding = 4; lastKnownFileType = sourcecode.c.objc; path = WinnerTableCell.m; sourceTree = "<group>"; };
		270B88F01C82D240009DE8B3 /* WinnerTableCell.xib */ = {isa = PBXFileReference; fileEncoding = 4; lastKnownFileType = file.xib; path = WinnerTableCell.xib; sourceTree = "<group>"; };
		27117ED31C585A1800EF4516 /* mpt2.jpg */ = {isa = PBXFileReference; lastKnownFileType = image.jpeg; name = mpt2.jpg; path = ../../../../Downloads/mpt2.jpg; sourceTree = "<group>"; };
		27158D921C0A9A1A0002272B /* Exercises.plist */ = {isa = PBXFileReference; fileEncoding = 4; lastKnownFileType = text.plist.xml; path = Exercises.plist; sourceTree = "<group>"; };
		27158D971C0AA84B0002272B /* SimpleTableCell.h */ = {isa = PBXFileReference; lastKnownFileType = sourcecode.c.h; path = SimpleTableCell.h; sourceTree = "<group>"; };
		27158D981C0AA8670002272B /* SimpleTableCell.m */ = {isa = PBXFileReference; fileEncoding = 4; lastKnownFileType = sourcecode.c.objc; path = SimpleTableCell.m; sourceTree = "<group>"; };
		27158D9A1C0AA8BE0002272B /* SimpleTableCell.xib */ = {isa = PBXFileReference; fileEncoding = 4; lastKnownFileType = file.xib; path = SimpleTableCell.xib; sourceTree = "<group>"; };
		2720DB7B1C05341300B7F7CD /* TableViewController.h */ = {isa = PBXFileReference; lastKnownFileType = sourcecode.c.h; path = TableViewController.h; sourceTree = "<group>"; };
		2720DB7C1C05346E00B7F7CD /* TableViewController.m */ = {isa = PBXFileReference; fileEncoding = 4; lastKnownFileType = sourcecode.c.objc; path = TableViewController.m; sourceTree = "<group>"; };
		272A3EFD1C2178CB00AAF185 /* WorkoutViewContoller.m */ = {isa = PBXFileReference; fileEncoding = 4; lastKnownFileType = sourcecode.c.objc; path = WorkoutViewContoller.m; sourceTree = "<group>"; };
		272A3EFF1C2178DD00AAF185 /* WorkoutViewContoller.h */ = {isa = PBXFileReference; lastKnownFileType = sourcecode.c.h; path = WorkoutViewContoller.h; sourceTree = "<group>"; };
		272A3F001C217C6C00AAF185 /* Workouts.plist */ = {isa = PBXFileReference; fileEncoding = 4; lastKnownFileType = text.plist.xml; path = Workouts.plist; sourceTree = "<group>"; };
		272A3F021C217F7700AAF185 /* WorkoutTableCell.m */ = {isa = PBXFileReference; fileEncoding = 4; lastKnownFileType = sourcecode.c.objc; path = WorkoutTableCell.m; sourceTree = "<group>"; };
		272A3F041C217F8600AAF185 /* WorkoutTableCell.h */ = {isa = PBXFileReference; lastKnownFileType = sourcecode.c.h; path = WorkoutTableCell.h; sourceTree = "<group>"; };
		272A3F051C217FCA00AAF185 /* WorkoutTableCell.xib */ = {isa = PBXFileReference; fileEncoding = 4; lastKnownFileType = file.xib; path = WorkoutTableCell.xib; sourceTree = "<group>"; };
		272BD16B1C4F31840006519D /* ViewController.m */ = {isa = PBXFileReference; fileEncoding = 4; lastKnownFileType = sourcecode.c.objc; path = ViewController.m; sourceTree = "<group>"; };
		272BD16D1C4F31910006519D /* ViewController.h */ = {isa = PBXFileReference; lastKnownFileType = sourcecode.c.h; path = ViewController.h; sourceTree = "<group>"; };
		273E48891C4C9B5600F56D57 /* IMG_1111.png */ = {isa = PBXFileReference; lastKnownFileType = image.png; name = IMG_1111.png; path = PhotosPNG/IMG_1111.png; sourceTree = SOURCE_ROOT; };
		273E488A1C4C9B5600F56D57 /* IMG_1115.png */ = {isa = PBXFileReference; lastKnownFileType = image.png; name = IMG_1115.png; path = PhotosPNG/IMG_1115.png; sourceTree = SOURCE_ROOT; };
		273E488B1C4C9B5600F56D57 /* IMG_1117.png */ = {isa = PBXFileReference; lastKnownFileType = image.png; name = IMG_1117.png; path = PhotosPNG/IMG_1117.png; sourceTree = SOURCE_ROOT; };
		273E488C1C4C9B5600F56D57 /* IMG_1121.png */ = {isa = PBXFileReference; lastKnownFileType = image.png; name = IMG_1121.png; path = PhotosPNG/IMG_1121.png; sourceTree = SOURCE_ROOT; };
		273E488D1C4C9B5600F56D57 /* IMG_1125.png */ = {isa = PBXFileReference; lastKnownFileType = image.png; name = IMG_1125.png; path = PhotosPNG/IMG_1125.png; sourceTree = SOURCE_ROOT; };
		273E488E1C4C9B5600F56D57 /* IMG_1127.png */ = {isa = PBXFileReference; lastKnownFileType = image.png; name = IMG_1127.png; path = PhotosPNG/IMG_1127.png; sourceTree = SOURCE_ROOT; };
		273E488F1C4C9B5600F56D57 /* IMG_1129.png */ = {isa = PBXFileReference; lastKnownFileType = image.png; name = IMG_1129.png; path = PhotosPNG/IMG_1129.png; sourceTree = SOURCE_ROOT; };
		273E48901C4C9B5600F56D57 /* IMG_1132.png */ = {isa = PBXFileReference; lastKnownFileType = image.png; name = IMG_1132.png; path = PhotosPNG/IMG_1132.png; sourceTree = SOURCE_ROOT; };
		273E48911C4C9B5600F56D57 /* IMG_1133.png */ = {isa = PBXFileReference; lastKnownFileType = image.png; name = IMG_1133.png; path = PhotosPNG/IMG_1133.png; sourceTree = SOURCE_ROOT; };
		273E48921C4C9B5600F56D57 /* IMG_1139.png */ = {isa = PBXFileReference; lastKnownFileType = image.png; name = IMG_1139.png; path = PhotosPNG/IMG_1139.png; sourceTree = SOURCE_ROOT; };
		273E48931C4C9B5600F56D57 /* IMG_1140.png */ = {isa = PBXFileReference; lastKnownFileType = image.png; name = IMG_1140.png; path = PhotosPNG/IMG_1140.png; sourceTree = SOURCE_ROOT; };
		273E48941C4C9B5600F56D57 /* IMG_1141.png */ = {isa = PBXFileReference; lastKnownFileType = image.png; name = IMG_1141.png; path = PhotosPNG/IMG_1141.png; sourceTree = SOURCE_ROOT; };
		273E48951C4C9B5600F56D57 /* IMG_1142.png */ = {isa = PBXFileReference; lastKnownFileType = image.png; name = IMG_1142.png; path = PhotosPNG/IMG_1142.png; sourceTree = SOURCE_ROOT; };
		273E48961C4C9B5600F56D57 /* IMG_1143.png */ = {isa = PBXFileReference; lastKnownFileType = image.png; name = IMG_1143.png; path = PhotosPNG/IMG_1143.png; sourceTree = SOURCE_ROOT; };
		273E48971C4C9B5600F56D57 /* IMG_1144.png */ = {isa = PBXFileReference; lastKnownFileType = image.png; name = IMG_1144.png; path = PhotosPNG/IMG_1144.png; sourceTree = SOURCE_ROOT; };
		273E48981C4C9B5600F56D57 /* IMG_1145.png */ = {isa = PBXFileReference; lastKnownFileType = image.png; name = IMG_1145.png; path = PhotosPNG/IMG_1145.png; sourceTree = SOURCE_ROOT; };
		273E48991C4C9B5600F56D57 /* IMG_1148.png */ = {isa = PBXFileReference; lastKnownFileType = image.png; name = IMG_1148.png; path = PhotosPNG/IMG_1148.png; sourceTree = SOURCE_ROOT; };
		273E489A1C4C9B5600F56D57 /* IMG_1150.png */ = {isa = PBXFileReference; lastKnownFileType = image.png; name = IMG_1150.png; path = PhotosPNG/IMG_1150.png; sourceTree = SOURCE_ROOT; };
		273E489B1C4C9B5600F56D57 /* IMG_1152.png */ = {isa = PBXFileReference; lastKnownFileType = image.png; name = IMG_1152.png; path = PhotosPNG/IMG_1152.png; sourceTree = SOURCE_ROOT; };
		273E489C1C4C9B5600F56D57 /* IMG_1154.png */ = {isa = PBXFileReference; lastKnownFileType = image.png; name = IMG_1154.png; path = PhotosPNG/IMG_1154.png; sourceTree = SOURCE_ROOT; };
		273E489D1C4C9B5600F56D57 /* IMG_1156.png */ = {isa = PBXFileReference; lastKnownFileType = image.png; name = IMG_1156.png; path = PhotosPNG/IMG_1156.png; sourceTree = SOURCE_ROOT; };
		273E489E1C4C9B5600F56D57 /* IMG_1161.png */ = {isa = PBXFileReference; lastKnownFileType = image.png; name = IMG_1161.png; path = PhotosPNG/IMG_1161.png; sourceTree = SOURCE_ROOT; };
		273E489F1C4C9B5600F56D57 /* IMG_1163.png */ = {isa = PBXFileReference; lastKnownFileType = image.png; name = IMG_1163.png; path = PhotosPNG/IMG_1163.png; sourceTree = SOURCE_ROOT; };
		273E48A01C4C9B5600F56D57 /* IMG_1165.png */ = {isa = PBXFileReference; lastKnownFileType = image.png; name = IMG_1165.png; path = PhotosPNG/IMG_1165.png; sourceTree = SOURCE_ROOT; };
		273E48A11C4C9B5600F56D57 /* IMG_1169.png */ = {isa = PBXFileReference; lastKnownFileType = image.png; name = IMG_1169.png; path = PhotosPNG/IMG_1169.png; sourceTree = SOURCE_ROOT; };
		273E48A21C4C9B5600F56D57 /* IMG_1171.png */ = {isa = PBXFileReference; lastKnownFileType = image.png; name = IMG_1171.png; path = PhotosPNG/IMG_1171.png; sourceTree = SOURCE_ROOT; };
		273E48A31C4C9B5600F56D57 /* IMG_1172.png */ = {isa = PBXFileReference; lastKnownFileType = image.png; name = IMG_1172.png; path = PhotosPNG/IMG_1172.png; sourceTree = SOURCE_ROOT; };
		273E48A41C4C9B5600F56D57 /* IMG_1174.png */ = {isa = PBXFileReference; lastKnownFileType = image.png; name = IMG_1174.png; path = PhotosPNG/IMG_1174.png; sourceTree = SOURCE_ROOT; };
		273E48A51C4C9B5600F56D57 /* IMG_1176.png */ = {isa = PBXFileReference; lastKnownFileType = image.png; name = IMG_1176.png; path = PhotosPNG/IMG_1176.png; sourceTree = SOURCE_ROOT; };
		273E48A61C4C9B5600F56D57 /* IMG_1178.png */ = {isa = PBXFileReference; lastKnownFileType = image.png; name = IMG_1178.png; path = PhotosPNG/IMG_1178.png; sourceTree = SOURCE_ROOT; };
		273E48A71C4C9B5600F56D57 /* IMG_1180.png */ = {isa = PBXFileReference; lastKnownFileType = image.png; name = IMG_1180.png; path = PhotosPNG/IMG_1180.png; sourceTree = SOURCE_ROOT; };
		273E48A81C4C9B5600F56D57 /* IMG_1182.png */ = {isa = PBXFileReference; lastKnownFileType = image.png; name = IMG_1182.png; path = PhotosPNG/IMG_1182.png; sourceTree = SOURCE_ROOT; };
		273E48A91C4C9B5600F56D57 /* IMG_1184.png */ = {isa = PBXFileReference; lastKnownFileType = image.png; name = IMG_1184.png; path = PhotosPNG/IMG_1184.png; sourceTree = SOURCE_ROOT; };
		273E48AA1C4C9B5600F56D57 /* IMG_1186.png */ = {isa = PBXFileReference; lastKnownFileType = image.png; name = IMG_1186.png; path = PhotosPNG/IMG_1186.png; sourceTree = SOURCE_ROOT; };
		273E48AB1C4C9B5600F56D57 /* IMG_1187.png */ = {isa = PBXFileReference; lastKnownFileType = image.png; name = IMG_1187.png; path = PhotosPNG/IMG_1187.png; sourceTree = SOURCE_ROOT; };
		273E48AC1C4C9B5600F56D57 /* IMG_1189.png */ = {isa = PBXFileReference; lastKnownFileType = image.png; name = IMG_1189.png; path = PhotosPNG/IMG_1189.png; sourceTree = SOURCE_ROOT; };
		273E48AD1C4C9B5600F56D57 /* IMG_1191.png */ = {isa = PBXFileReference; lastKnownFileType = image.png; name = IMG_1191.png; path = PhotosPNG/IMG_1191.png; sourceTree = SOURCE_ROOT; };
		273E48AE1C4C9B5600F56D57 /* IMG_1195.png */ = {isa = PBXFileReference; lastKnownFileType = image.png; name = IMG_1195.png; path = PhotosPNG/IMG_1195.png; sourceTree = SOURCE_ROOT; };
		273E48AF1C4C9B5600F56D57 /* IMG_1197.png */ = {isa = PBXFileReference; lastKnownFileType = image.png; name = IMG_1197.png; path = PhotosPNG/IMG_1197.png; sourceTree = SOURCE_ROOT; };
		273E48B01C4C9B5600F56D57 /* IMG_1198.png */ = {isa = PBXFileReference; lastKnownFileType = image.png; name = IMG_1198.png; path = PhotosPNG/IMG_1198.png; sourceTree = SOURCE_ROOT; };
		273E48B11C4C9B5600F56D57 /* IMG_1199.png */ = {isa = PBXFileReference; lastKnownFileType = image.png; name = IMG_1199.png; path = PhotosPNG/IMG_1199.png; sourceTree = SOURCE_ROOT; };
		273E48B21C4C9B5600F56D57 /* IMG_1200.png */ = {isa = PBXFileReference; lastKnownFileType = image.png; name = IMG_1200.png; path = PhotosPNG/IMG_1200.png; sourceTree = SOURCE_ROOT; };
		273E48B31C4C9B5600F56D57 /* IMG_1202.png */ = {isa = PBXFileReference; lastKnownFileType = image.png; name = IMG_1202.png; path = PhotosPNG/IMG_1202.png; sourceTree = SOURCE_ROOT; };
		273E48B41C4C9B5600F56D57 /* IMG_1204.png */ = {isa = PBXFileReference; lastKnownFileType = image.png; name = IMG_1204.png; path = PhotosPNG/IMG_1204.png; sourceTree = SOURCE_ROOT; };
		273E48B51C4C9B5600F56D57 /* IMG_1206.png */ = {isa = PBXFileReference; lastKnownFileType = image.png; name = IMG_1206.png; path = PhotosPNG/IMG_1206.png; sourceTree = SOURCE_ROOT; };
		273E48B61C4C9B5600F56D57 /* IMG_1230.png */ = {isa = PBXFileReference; lastKnownFileType = image.png; name = IMG_1230.png; path = PhotosPNG/IMG_1230.png; sourceTree = SOURCE_ROOT; };
		273E48B71C4C9B5600F56D57 /* IMG_1231.png */ = {isa = PBXFileReference; lastKnownFileType = image.png; name = IMG_1231.png; path = PhotosPNG/IMG_1231.png; sourceTree = SOURCE_ROOT; };
		273E48B81C4C9B5600F56D57 /* IMG_1235.png */ = {isa = PBXFileReference; lastKnownFileType = image.png; name = IMG_1235.png; path = PhotosPNG/IMG_1235.png; sourceTree = SOURCE_ROOT; };
		273E48B91C4C9B5600F56D57 /* IMG_1236.png */ = {isa = PBXFileReference; lastKnownFileType = image.png; name = IMG_1236.png; path = PhotosPNG/IMG_1236.png; sourceTree = SOURCE_ROOT; };
		273E48BA1C4C9B5600F56D57 /* IMG_1238.png */ = {isa = PBXFileReference; lastKnownFileType = image.png; name = IMG_1238.png; path = PhotosPNG/IMG_1238.png; sourceTree = SOURCE_ROOT; };
		2741FD601C2B105E00D15A94 /* iAd.framework */ = {isa = PBXFileReference; lastKnownFileType = wrapper.framework; name = iAd.framework; path = System/Library/Frameworks/iAd.framework; sourceTree = SDKROOT; };
		2741FD7B1C3401A800D15A94 /* QuartzCore.framework */ = {isa = PBXFileReference; lastKnownFileType = wrapper.framework; name = QuartzCore.framework; path = System/Library/Frameworks/QuartzCore.framework; sourceTree = SDKROOT; };
		2741FD7D1C3401D200D15A94 /* Accelerate.framework */ = {isa = PBXFileReference; lastKnownFileType = wrapper.framework; name = Accelerate.framework; path = System/Library/Frameworks/Accelerate.framework; sourceTree = SDKROOT; };
		2741FD7F1C34027500D15A94 /* StatisticsViewController.m */ = {isa = PBXFileReference; fileEncoding = 4; lastKnownFileType = sourcecode.c.objc; path = StatisticsViewController.m; sourceTree = "<group>"; };
		2741FD811C34028800D15A94 /* StatisticsViewController.h */ = {isa = PBXFileReference; lastKnownFileType = sourcecode.c.h; path = StatisticsViewController.h; sourceTree = "<group>"; };
		2741FD901C36752700D15A94 /* Muscles.plist */ = {isa = PBXFileReference; fileEncoding = 4; lastKnownFileType = text.plist.xml; path = Muscles.plist; sourceTree = "<group>"; };
		275433571C938477001B5687 /* IMG_1110.png */ = {isa = PBXFileReference; lastKnownFileType = image.png; path = IMG_1110.png; sourceTree = "<group>"; };
		275433581C938477001B5687 /* IMG_1337.png */ = {isa = PBXFileReference; lastKnownFileType = image.png; path = IMG_1337.png; sourceTree = "<group>"; };
		275433591C938477001B5687 /* IMG_1338.png */ = {isa = PBXFileReference; lastKnownFileType = image.png; path = IMG_1338.png; sourceTree = "<group>"; };
		2754335A1C938477001B5687 /* IMG_1340.png */ = {isa = PBXFileReference; lastKnownFileType = image.png; path = IMG_1340.png; sourceTree = "<group>"; };
		2754335B1C938477001B5687 /* IMG_1341.png */ = {isa = PBXFileReference; lastKnownFileType = image.png; path = IMG_1341.png; sourceTree = "<group>"; };
		2754335C1C938477001B5687 /* IMG_1342.png */ = {isa = PBXFileReference; lastKnownFileType = image.png; path = IMG_1342.png; sourceTree = "<group>"; };
		2754335D1C938477001B5687 /* IMG_1343.png */ = {isa = PBXFileReference; lastKnownFileType = image.png; path = IMG_1343.png; sourceTree = "<group>"; };
		275433601C938477001B5687 /* IMG_1356.png */ = {isa = PBXFileReference; lastKnownFileType = image.png; path = IMG_1356.png; sourceTree = "<group>"; };
		275433611C938477001B5687 /* IMG_1357.png */ = {isa = PBXFileReference; lastKnownFileType = image.png; path = IMG_1357.png; sourceTree = "<group>"; };
		275433621C938477001B5687 /* IMG_1360.png */ = {isa = PBXFileReference; lastKnownFileType = image.png; path = IMG_1360.png; sourceTree = "<group>"; };
		275433631C938477001B5687 /* IMG_1361.png */ = {isa = PBXFileReference; lastKnownFileType = image.png; path = IMG_1361.png; sourceTree = "<group>"; };
		275433641C938477001B5687 /* IMG_1363.png */ = {isa = PBXFileReference; lastKnownFileType = image.png; path = IMG_1363.png; sourceTree = "<group>"; };
		275433651C938477001B5687 /* IMG_1365.png */ = {isa = PBXFileReference; lastKnownFileType = image.png; path = IMG_1365.png; sourceTree = "<group>"; };
		275433661C938477001B5687 /* IMG_1370.png */ = {isa = PBXFileReference; lastKnownFileType = image.png; path = IMG_1370.png; sourceTree = "<group>"; };
		275433671C938477001B5687 /* IMG_1371.png */ = {isa = PBXFileReference; lastKnownFileType = image.png; path = IMG_1371.png; sourceTree = "<group>"; };
		275433681C938477001B5687 /* IMG_1373.png */ = {isa = PBXFileReference; lastKnownFileType = image.png; path = IMG_1373.png; sourceTree = "<group>"; };
		275433691C938477001B5687 /* IMG_1374.png */ = {isa = PBXFileReference; lastKnownFileType = image.png; path = IMG_1374.png; sourceTree = "<group>"; };
		2754336A1C938477001B5687 /* IMG_1376.png */ = {isa = PBXFileReference; lastKnownFileType = image.png; path = IMG_1376.png; sourceTree = "<group>"; };
		2754336B1C938477001B5687 /* IMG_1377.png */ = {isa = PBXFileReference; lastKnownFileType = image.png; path = IMG_1377.png; sourceTree = "<group>"; };
		2754336C1C938477001B5687 /* IMG_1378.png */ = {isa = PBXFileReference; lastKnownFileType = image.png; path = IMG_1378.png; sourceTree = "<group>"; };
		2754336D1C938477001B5687 /* IMG_1379.png */ = {isa = PBXFileReference; lastKnownFileType = image.png; path = IMG_1379.png; sourceTree = "<group>"; };
		2754336E1C938477001B5687 /* IMG_1385.png */ = {isa = PBXFileReference; lastKnownFileType = image.png; path = IMG_1385.png; sourceTree = "<group>"; };
		2754336F1C938477001B5687 /* IMG_1386.png */ = {isa = PBXFileReference; lastKnownFileType = image.png; path = IMG_1386.png; sourceTree = "<group>"; };
		275433891C951A0E001B5687 /* WorkoutChoiceViewController.m */ = {isa = PBXFileReference; fileEncoding = 4; lastKnownFileType = sourcecode.c.objc; path = WorkoutChoiceViewController.m; sourceTree = "<group>"; };
		2754338B1C951A1A001B5687 /* WorkoutChoiceViewController.h */ = {isa = PBXFileReference; lastKnownFileType = sourcecode.c.h; path = WorkoutChoiceViewController.h; sourceTree = "<group>"; };
		2754338C1C95286B001B5687 /* PowerLiftChoiceViewController.m */ = {isa = PBXFileReference; fileEncoding = 4; lastKnownFileType = sourcecode.c.objc; path = PowerLiftChoiceViewController.m; sourceTree = "<group>"; };
		2754338E1C95287A001B5687 /* PowerLiftChoiceViewController.h */ = {isa = PBXFileReference; lastKnownFileType = sourcecode.c.h; path = PowerLiftChoiceViewController.h; sourceTree = "<group>"; };
		27764C961C055F8D002F9122 /* ExerciseTableViewCell.h */ = {isa = PBXFileReference; fileEncoding = 4; lastKnownFileType = sourcecode.c.h; path = ExerciseTableViewCell.h; sourceTree = "<group>"; };
		27764C971C055F8D002F9122 /* ExerciseTableViewCell.m */ = {isa = PBXFileReference; fileEncoding = 4; lastKnownFileType = sourcecode.c.objc; path = ExerciseTableViewCell.m; sourceTree = "<group>"; };
		27784A4D1C432C9F00363198 /* FBSDKShareKit.framework */ = {isa = PBXFileReference; lastKnownFileType = wrapper.framework; name = FBSDKShareKit.framework; path = ../../../FacebookSDK/FBSDKShareKit.framework; sourceTree = "<group>"; };
		27784A4F1C432CD300363198 /* FBSDKCoreKit.framework */ = {isa = PBXFileReference; lastKnownFileType = wrapper.framework; name = FBSDKCoreKit.framework; path = ../../../FacebookSDK/FBSDKCoreKit.framework; sourceTree = "<group>"; };
		27814A911CA766FA003DA2D2 /* IMG_1344.png */ = {isa = PBXFileReference; lastKnownFileType = image.png; name = IMG_1344.png; path = SFUPhotos/IMG_1344.png; sourceTree = SOURCE_ROOT; };
		27814A921CA766FA003DA2D2 /* IMG_1346.png */ = {isa = PBXFileReference; lastKnownFileType = image.png; name = IMG_1346.png; path = SFUPhotos/IMG_1346.png; sourceTree = SOURCE_ROOT; };
		27814A9E1CA76983003DA2D2 /* IMG_1392.png */ = {isa = PBXFileReference; lastKnownFileType = image.png; name = IMG_1392.png; path = SFUPhotos/IMG_1392.png; sourceTree = SOURCE_ROOT; };
		27814A9F1CA76983003DA2D2 /* IMG_1393.png */ = {isa = PBXFileReference; lastKnownFileType = image.png; name = IMG_1393.png; path = SFUPhotos/IMG_1393.png; sourceTree = SOURCE_ROOT; };
		27814AA21CA76C4A003DA2D2 /* IMG_1405.png */ = {isa = PBXFileReference; lastKnownFileType = image.png; name = IMG_1405.png; path = SFUPhotos/IMG_1405.png; sourceTree = SOURCE_ROOT; };
		27814AA31CA76C4A003DA2D2 /* IMG_1406.png */ = {isa = PBXFileReference; lastKnownFileType = image.png; name = IMG_1406.png; path = SFUPhotos/IMG_1406.png; sourceTree = SOURCE_ROOT; };
		27814AA61CA76D3C003DA2D2 /* IMG_1396.png */ = {isa = PBXFileReference; lastKnownFileType = image.png; name = IMG_1396.png; path = SFUPhotos/IMG_1396.png; sourceTree = SOURCE_ROOT; };
		27814AA71CA76D3C003DA2D2 /* IMG_1397.png */ = {isa = PBXFileReference; lastKnownFileType = image.png; name = IMG_1397.png; path = SFUPhotos/IMG_1397.png; sourceTree = SOURCE_ROOT; };
		27814AAA1CA79114003DA2D2 /* QA.plist */ = {isa = PBXFileReference; fileEncoding = 4; lastKnownFileType = text.plist.xml; path = QA.plist; sourceTree = "<group>"; };
		2799F7251C7BC1C30041079B /* Main.storyboard */ = {isa = PBXFileReference; fileEncoding = 4; lastKnownFileType = file.storyboard; name = Main.storyboard; path = Base.lproj/Main.storyboard; sourceTree = "<group>"; };
		2799F72A1C7BE6040041079B /* CheckInViewController.m */ = {isa = PBXFileReference; fileEncoding = 4; lastKnownFileType = sourcecode.c.objc; path = CheckInViewController.m; sourceTree = "<group>"; };
		2799F72C1C7BE60E0041079B /* CheckInViewController.h */ = {isa = PBXFileReference; lastKnownFileType = sourcecode.c.h; path = CheckInViewController.h; sourceTree = "<group>"; };
		279B70A81C3D1FE00042BD93 /* 5Stars.png */ = {isa = PBXFileReference; lastKnownFileType = image.png; name = 5Stars.png; path = ../../../../Downloads/5Stars.png; sourceTree = "<group>"; };
		279B70AD1C3D3F0F0042BD93 /* 1Stars.png */ = {isa = PBXFileReference; lastKnownFileType = image.png; name = 1Stars.png; path = ../../../../Downloads/1Stars.png; sourceTree = "<group>"; };
		279B70AE1C3D3F0F0042BD93 /* 2Stars.png */ = {isa = PBXFileReference; lastKnownFileType = image.png; name = 2Stars.png; path = ../../../../Downloads/2Stars.png; sourceTree = "<group>"; };
		279B70AF1C3D3F0F0042BD93 /* 3Stars.png */ = {isa = PBXFileReference; lastKnownFileType = image.png; name = 3Stars.png; path = ../../../../Downloads/3Stars.png; sourceTree = "<group>"; };
		279B70B01C3D3F0F0042BD93 /* 4Stars.png */ = {isa = PBXFileReference; lastKnownFileType = image.png; name = 4Stars.png; path = ../../../../Downloads/4Stars.png; sourceTree = "<group>"; };
		279B70B71C3D3F290042BD93 /* 0Stars.png */ = {isa = PBXFileReference; lastKnownFileType = image.png; name = 0Stars.png; path = ../../../../Downloads/0Stars.png; sourceTree = "<group>"; };
		27C6CB411C21D383009E5341 /* Workout.m */ = {isa = PBXFileReference; fileEncoding = 4; lastKnownFileType = sourcecode.c.objc; path = Workout.m; sourceTree = "<group>"; };
		27C6CB431C21D394009E5341 /* Workout.h */ = {isa = PBXFileReference; lastKnownFileType = sourcecode.c.h; path = Workout.h; sourceTree = "<group>"; };
		27C9F0281C952B8B0006261B /* DetailWorkoutPowerLiftViewController.m */ = {isa = PBXFileReference; fileEncoding = 4; lastKnownFileType = sourcecode.c.objc; path = DetailWorkoutPowerLiftViewController.m; sourceTree = "<group>"; };
		27C9F02A1C952B940006261B /* DetailWorkoutPowerLiftViewController.h */ = {isa = PBXFileReference; lastKnownFileType = sourcecode.c.h; path = DetailWorkoutPowerLiftViewController.h; sourceTree = "<group>"; };
		27C9F02B1C9661A10006261B /* ok-icon.png */ = {isa = PBXFileReference; lastKnownFileType = image.png; path = "ok-icon.png"; sourceTree = "<group>"; };
		27C9F02D1C96677A0006261B /* PowerLiftViewController.h */ = {isa = PBXFileReference; lastKnownFileType = sourcecode.c.h; path = PowerLiftViewController.h; sourceTree = "<group>"; };
		27C9F02E1C96678C0006261B /* PowerLiftViewController.m */ = {isa = PBXFileReference; fileEncoding = 4; lastKnownFileType = sourcecode.c.objc; path = PowerLiftViewController.m; sourceTree = "<group>"; };
		27C9F0361CA4B0D10006261B /* CorePlot.xcodeproj */ = {isa = PBXFileReference; lastKnownFileType = "wrapper.pb-project"; name = CorePlot.xcodeproj; path = "../../../Downloads/core-plot-master/framework/CorePlot.xcodeproj"; sourceTree = "<group>"; };
		27C9F0531CA4B58C0006261B /* PLStatsCell.m */ = {isa = PBXFileReference; fileEncoding = 4; lastKnownFileType = sourcecode.c.objc; path = PLStatsCell.m; sourceTree = "<group>"; };
		27C9F0551CA4B5980006261B /* PLStatsCell.h */ = {isa = PBXFileReference; lastKnownFileType = sourcecode.c.h; path = PLStatsCell.h; sourceTree = "<group>"; };
		27C9F0561CA4B5A90006261B /* PLStatsCell.xib */ = {isa = PBXFileReference; fileEncoding = 4; lastKnownFileType = file.xib; path = PLStatsCell.xib; sourceTree = "<group>"; };
		27C9F0581CA4B8050006261B /* PLStatisticsViewController.m */ = {isa = PBXFileReference; fileEncoding = 4; lastKnownFileType = sourcecode.c.objc; path = PLStatisticsViewController.m; sourceTree = "<group>"; };
		27C9F05A1CA4B8130006261B /* PLStatisticsViewController.h */ = {isa = PBXFileReference; lastKnownFileType = sourcecode.c.h; path = PLStatisticsViewController.h; sourceTree = "<group>"; };
		27D96C4D1C3FE31B0055ADAF /* sidePlank1.png */ = {isa = PBXFileReference; lastKnownFileType = image.png; name = sidePlank1.png; path = Photo/sidePlank1.png; sourceTree = SOURCE_ROOT; };
		27D96C4E1C3FE31B0055ADAF /* sidePlank2.png */ = {isa = PBXFileReference; lastKnownFileType = image.png; name = sidePlank2.png; path = Photo/sidePlank2.png; sourceTree = SOURCE_ROOT; };
		27DAE1551C25475E002A03D5 /* DetailWorkoutViewContoller.m */ = {isa = PBXFileReference; fileEncoding = 4; lastKnownFileType = sourcecode.c.objc; path = DetailWorkoutViewContoller.m; sourceTree = "<group>"; };
		27DAE1571C2547AC002A03D5 /* DetailWorkoutViewController.h */ = {isa = PBXFileReference; lastKnownFileType = sourcecode.c.h; path = DetailWorkoutViewController.h; sourceTree = "<group>"; };
		27DAE1581C27D30C002A03D5 /* DetailExerciseViewController.h */ = {isa = PBXFileReference; lastKnownFileType = sourcecode.c.h; path = DetailExerciseViewController.h; sourceTree = "<group>"; };
		27DAE1591C27D328002A03D5 /* DetailExerciseViewController.m */ = {isa = PBXFileReference; fileEncoding = 4; lastKnownFileType = sourcecode.c.objc; path = DetailExerciseViewController.m; sourceTree = "<group>"; };
		27E116931C03ABB800E8E2AF /* fitSFU.app */ = {isa = PBXFileReference; explicitFileType = wrapper.application; includeInIndex = 0; path = fitSFU.app; sourceTree = BUILT_PRODUCTS_DIR; };
		27E116971C03ABB800E8E2AF /* main.m */ = {isa = PBXFileReference; lastKnownFileType = sourcecode.c.objc; path = main.m; sourceTree = "<group>"; };
		27E116991C03ABB800E8E2AF /* AppDelegate.h */ = {isa = PBXFileReference; lastKnownFileType = sourcecode.c.h; path = AppDelegate.h; sourceTree = "<group>"; };
		27E1169A1C03ABB800E8E2AF /* AppDelegate.m */ = {isa = PBXFileReference; lastKnownFileType = sourcecode.c.objc; path = AppDelegate.m; sourceTree = "<group>"; };
		27E116A21C03ABB800E8E2AF /* Assets.xcassets */ = {isa = PBXFileReference; lastKnownFileType = folder.assetcatalog; path = Assets.xcassets; sourceTree = "<group>"; };
		27E116A51C03ABB800E8E2AF /* Base */ = {isa = PBXFileReference; lastKnownFileType = file.storyboard; name = Base; path = Base.lproj/LaunchScreen.storyboard; sourceTree = "<group>"; };
		27E116A71C03ABB800E8E2AF /* Info.plist */ = {isa = PBXFileReference; lastKnownFileType = text.plist.xml; path = Info.plist; sourceTree = "<group>"; };
		27E116AC1C03ABB900E8E2AF /* fitSFU.xctest */ = {isa = PBXFileReference; explicitFileType = wrapper.cfbundle; includeInIndex = 0; path = fitSFU.xctest; sourceTree = BUILT_PRODUCTS_DIR; };
		27E116B01C03ABB900E8E2AF /* myPersonalTrainerTests.m */ = {isa = PBXFileReference; lastKnownFileType = sourcecode.c.objc; path = myPersonalTrainerTests.m; sourceTree = "<group>"; };
		27E116B21C03ABB900E8E2AF /* Info.plist */ = {isa = PBXFileReference; lastKnownFileType = text.plist.xml; path = Info.plist; sourceTree = "<group>"; };
		27E116B71C03ABB900E8E2AF /* fitSFU.xctest */ = {isa = PBXFileReference; explicitFileType = wrapper.cfbundle; includeInIndex = 0; path = fitSFU.xctest; sourceTree = BUILT_PRODUCTS_DIR; };
		27E116BB1C03ABB900E8E2AF /* myPersonalTrainerUITests.m */ = {isa = PBXFileReference; lastKnownFileType = sourcecode.c.objc; path = myPersonalTrainerUITests.m; sourceTree = "<group>"; };
		27E116BD1C03ABB900E8E2AF /* Info.plist */ = {isa = PBXFileReference; lastKnownFileType = text.plist.xml; path = Info.plist; sourceTree = "<group>"; };
		27E116CC1C03B5D100E8E2AF /* FBSDKLoginKit.framework */ = {isa = PBXFileReference; lastKnownFileType = wrapper.framework; name = FBSDKLoginKit.framework; path = ../../../FacebookSDK/FBSDKLoginKit.framework; sourceTree = "<group>"; };
		27FA78AE1C811DB9002FEC0B /* SuggestionsViewController.h */ = {isa = PBXFileReference; lastKnownFileType = sourcecode.c.h; path = SuggestionsViewController.h; sourceTree = "<group>"; };
		27FA78AF1C811DC6002FEC0B /* SuggestionsViewController.m */ = {isa = PBXFileReference; fileEncoding = 4; lastKnownFileType = sourcecode.c.objc; path = SuggestionsViewController.m; sourceTree = "<group>"; };
		27FA78B61C8189C3002FEC0B /* StatTableCell.xib */ = {isa = PBXFileReference; fileEncoding = 4; lastKnownFileType = file.xib; path = StatTableCell.xib; sourceTree = "<group>"; };
		27FA78BB1C819D5E002FEC0B /* StatTableCell.m */ = {isa = PBXFileReference; fileEncoding = 4; lastKnownFileType = sourcecode.c.objc; path = StatTableCell.m; sourceTree = "<group>"; };
		27FA78BD1C819D68002FEC0B /* StatTableCell.h */ = {isa = PBXFileReference; lastKnownFileType = sourcecode.c.h; path = StatTableCell.h; sourceTree = "<group>"; };
/* End PBXFileReference section */

/* Begin PBXFrameworksBuildPhase section */
		27E116901C03ABB800E8E2AF /* Frameworks */ = {
			isa = PBXFrameworksBuildPhase;
			buildActionMask = 2147483647;
			files = (
				27C9F0511CA4B1D20006261B /* libCorePlot-CocoaTouch.a in Frameworks */,
				27784A501C432CD300363198 /* FBSDKCoreKit.framework in Frameworks */,
				27784A4E1C432C9F00363198 /* FBSDKShareKit.framework in Frameworks */,
				2741FD7E1C3401D200D15A94 /* Accelerate.framework in Frameworks */,
				2741FD7C1C3401A800D15A94 /* QuartzCore.framework in Frameworks */,
				2741FD611C2B105E00D15A94 /* iAd.framework in Frameworks */,
				27E116CD1C03B5D100E8E2AF /* FBSDKLoginKit.framework in Frameworks */,
			);
			runOnlyForDeploymentPostprocessing = 0;
		};
		27E116A91C03ABB900E8E2AF /* Frameworks */ = {
			isa = PBXFrameworksBuildPhase;
			buildActionMask = 2147483647;
			files = (
			);
			runOnlyForDeploymentPostprocessing = 0;
		};
		27E116B41C03ABB900E8E2AF /* Frameworks */ = {
			isa = PBXFrameworksBuildPhase;
			buildActionMask = 2147483647;
			files = (
			);
			runOnlyForDeploymentPostprocessing = 0;
		};
/* End PBXFrameworksBuildPhase section */

/* Begin PBXGroup section */
		2798C0931C0D75EF0007D3BF /* Images */ = {
			isa = PBXGroup;
			children = (
				27C9F02B1C9661A10006261B /* ok-icon.png */,
				27117ED31C585A1800EF4516 /* mpt2.jpg */,
				279B70B71C3D3F290042BD93 /* 0Stars.png */,
				279B70AD1C3D3F0F0042BD93 /* 1Stars.png */,
				279B70AE1C3D3F0F0042BD93 /* 2Stars.png */,
				27D96C4D1C3FE31B0055ADAF /* sidePlank1.png */,
				27814A9E1CA76983003DA2D2 /* IMG_1392.png */,
				27814A9F1CA76983003DA2D2 /* IMG_1393.png */,
				273E48891C4C9B5600F56D57 /* IMG_1111.png */,
				27814A911CA766FA003DA2D2 /* IMG_1344.png */,
				27814AA61CA76D3C003DA2D2 /* IMG_1396.png */,
				27814AA71CA76D3C003DA2D2 /* IMG_1397.png */,
				27814A921CA766FA003DA2D2 /* IMG_1346.png */,
				27814AA21CA76C4A003DA2D2 /* IMG_1405.png */,
				27814AA31CA76C4A003DA2D2 /* IMG_1406.png */,
				275433571C938477001B5687 /* IMG_1110.png */,
				275433581C938477001B5687 /* IMG_1337.png */,
				275433591C938477001B5687 /* IMG_1338.png */,
				2754335A1C938477001B5687 /* IMG_1340.png */,
				2754335B1C938477001B5687 /* IMG_1341.png */,
				2754335C1C938477001B5687 /* IMG_1342.png */,
				2754335D1C938477001B5687 /* IMG_1343.png */,
				275433601C938477001B5687 /* IMG_1356.png */,
				275433611C938477001B5687 /* IMG_1357.png */,
				275433621C938477001B5687 /* IMG_1360.png */,
				275433631C938477001B5687 /* IMG_1361.png */,
				275433641C938477001B5687 /* IMG_1363.png */,
				275433651C938477001B5687 /* IMG_1365.png */,
				275433661C938477001B5687 /* IMG_1370.png */,
				275433671C938477001B5687 /* IMG_1371.png */,
				275433681C938477001B5687 /* IMG_1373.png */,
				275433691C938477001B5687 /* IMG_1374.png */,
				2754336A1C938477001B5687 /* IMG_1376.png */,
				2754336B1C938477001B5687 /* IMG_1377.png */,
				2754336C1C938477001B5687 /* IMG_1378.png */,
				2754336D1C938477001B5687 /* IMG_1379.png */,
				2754336E1C938477001B5687 /* IMG_1385.png */,
				2754336F1C938477001B5687 /* IMG_1386.png */,
				273E488A1C4C9B5600F56D57 /* IMG_1115.png */,
				273E488B1C4C9B5600F56D57 /* IMG_1117.png */,
				273E488C1C4C9B5600F56D57 /* IMG_1121.png */,
				273E488D1C4C9B5600F56D57 /* IMG_1125.png */,
				273E488E1C4C9B5600F56D57 /* IMG_1127.png */,
				273E488F1C4C9B5600F56D57 /* IMG_1129.png */,
				273E48901C4C9B5600F56D57 /* IMG_1132.png */,
				273E48911C4C9B5600F56D57 /* IMG_1133.png */,
				273E48921C4C9B5600F56D57 /* IMG_1139.png */,
				273E48931C4C9B5600F56D57 /* IMG_1140.png */,
				273E48941C4C9B5600F56D57 /* IMG_1141.png */,
				273E48951C4C9B5600F56D57 /* IMG_1142.png */,
				273E48961C4C9B5600F56D57 /* IMG_1143.png */,
				273E48971C4C9B5600F56D57 /* IMG_1144.png */,
				273E48981C4C9B5600F56D57 /* IMG_1145.png */,
				273E48991C4C9B5600F56D57 /* IMG_1148.png */,
				273E489A1C4C9B5600F56D57 /* IMG_1150.png */,
				273E489B1C4C9B5600F56D57 /* IMG_1152.png */,
				273E489C1C4C9B5600F56D57 /* IMG_1154.png */,
				273E489D1C4C9B5600F56D57 /* IMG_1156.png */,
				273E489E1C4C9B5600F56D57 /* IMG_1161.png */,
				273E489F1C4C9B5600F56D57 /* IMG_1163.png */,
				273E48A01C4C9B5600F56D57 /* IMG_1165.png */,
				273E48A11C4C9B5600F56D57 /* IMG_1169.png */,
				273E48A21C4C9B5600F56D57 /* IMG_1171.png */,
				273E48A31C4C9B5600F56D57 /* IMG_1172.png */,
				273E48A41C4C9B5600F56D57 /* IMG_1174.png */,
				273E48A51C4C9B5600F56D57 /* IMG_1176.png */,
				273E48A61C4C9B5600F56D57 /* IMG_1178.png */,
				273E48A71C4C9B5600F56D57 /* IMG_1180.png */,
				273E48A81C4C9B5600F56D57 /* IMG_1182.png */,
				273E48A91C4C9B5600F56D57 /* IMG_1184.png */,
				273E48AA1C4C9B5600F56D57 /* IMG_1186.png */,
				273E48AB1C4C9B5600F56D57 /* IMG_1187.png */,
				273E48AC1C4C9B5600F56D57 /* IMG_1189.png */,
				273E48AD1C4C9B5600F56D57 /* IMG_1191.png */,
				273E48AE1C4C9B5600F56D57 /* IMG_1195.png */,
				273E48AF1C4C9B5600F56D57 /* IMG_1197.png */,
				273E48B01C4C9B5600F56D57 /* IMG_1198.png */,
				273E48B11C4C9B5600F56D57 /* IMG_1199.png */,
				273E48B21C4C9B5600F56D57 /* IMG_1200.png */,
				273E48B31C4C9B5600F56D57 /* IMG_1202.png */,
				273E48B41C4C9B5600F56D57 /* IMG_1204.png */,
				273E48B51C4C9B5600F56D57 /* IMG_1206.png */,
				273E48B61C4C9B5600F56D57 /* IMG_1230.png */,
				273E48B71C4C9B5600F56D57 /* IMG_1231.png */,
				273E48B81C4C9B5600F56D57 /* IMG_1235.png */,
				273E48B91C4C9B5600F56D57 /* IMG_1236.png */,
				273E48BA1C4C9B5600F56D57 /* IMG_1238.png */,
				27D96C4E1C3FE31B0055ADAF /* sidePlank2.png */,
				279B70AF1C3D3F0F0042BD93 /* 3Stars.png */,
				279B70B01C3D3F0F0042BD93 /* 4Stars.png */,
				279B70A81C3D1FE00042BD93 /* 5Stars.png */,
			);
			name = Images;
			sourceTree = "<group>";
		};
		27C9F0371CA4B0D10006261B /* Products */ = {
			isa = PBXGroup;
			children = (
				27C9F0441CA4B0D10006261B /* CorePlot.framework */,
				27C9F0461CA4B0D10006261B /* UnitTests.xctest */,
				27C9F0481CA4B0D10006261B /* CorePlot.framework */,
				27C9F04A1CA4B0D10006261B /* UnitTests iOS.xctest */,
				27C9F04C1CA4B0D10006261B /* libCorePlot-CocoaTouch.a */,
				27C9F04E1CA4B0D10006261B /* CorePlot-CocoaTouchTests.xctest */,
			);
			name = Products;
			sourceTree = "<group>";
		};
		27E1168A1C03ABB800E8E2AF = {
			isa = PBXGroup;
			children = (
				27C9F0361CA4B0D10006261B /* CorePlot.xcodeproj */,
				27E116951C03ABB800E8E2AF /* myPersonalTrainer */,
				27E116AF1C03ABB900E8E2AF /* myPersonalTrainerTests */,
				27E116BA1C03ABB900E8E2AF /* myPersonalTrainerUITests */,
				27E116941C03ABB800E8E2AF /* Products */,
				27E116C91C03AD0700E8E2AF /* Frameworks */,
			);
			sourceTree = "<group>";
		};
		27E116941C03ABB800E8E2AF /* Products */ = {
			isa = PBXGroup;
			children = (
				27E116931C03ABB800E8E2AF /* fitSFU.app */,
				27E116AC1C03ABB900E8E2AF /* fitSFU.xctest */,
				27E116B71C03ABB900E8E2AF /* fitSFU.xctest */,
			);
			name = Products;
			sourceTree = "<group>";
		};
		27E116951C03ABB800E8E2AF /* myPersonalTrainer */ = {
			isa = PBXGroup;
			children = (
				27E116991C03ABB800E8E2AF /* AppDelegate.h */,
				27E1169A1C03ABB800E8E2AF /* AppDelegate.m */,
				2798C0931C0D75EF0007D3BF /* Images */,
				27158D921C0A9A1A0002272B /* Exercises.plist */,
				272A3F001C217C6C00AAF185 /* Workouts.plist */,
				2741FD901C36752700D15A94 /* Muscles.plist */,
				27E116A21C03ABB800E8E2AF /* Assets.xcassets */,
				272BD16B1C4F31840006519D /* ViewController.m */,
				272BD16D1C4F31910006519D /* ViewController.h */,
				2720DB7B1C05341300B7F7CD /* TableViewController.h */,
				2720DB7C1C05346E00B7F7CD /* TableViewController.m */,
				272A3EFF1C2178DD00AAF185 /* WorkoutViewContoller.h */,
				272A3EFD1C2178CB00AAF185 /* WorkoutViewContoller.m */,
				2799F72A1C7BE6040041079B /* CheckInViewController.m */,
				2799F72C1C7BE60E0041079B /* CheckInViewController.h */,
				2741FD811C34028800D15A94 /* StatisticsViewController.h */,
				2741FD7F1C34027500D15A94 /* StatisticsViewController.m */,
				27FA78AF1C811DC6002FEC0B /* SuggestionsViewController.m */,
				27FA78AE1C811DB9002FEC0B /* SuggestionsViewController.h */,
				2799F7251C7BC1C30041079B /* Main.storyboard */,
				27C9F0581CA4B8050006261B /* PLStatisticsViewController.m */,
				27C9F05A1CA4B8130006261B /* PLStatisticsViewController.h */,
				2754338E1C95287A001B5687 /* PowerLiftChoiceViewController.h */,
				2754338C1C95286B001B5687 /* PowerLiftChoiceViewController.m */,
				27C9F02D1C96677A0006261B /* PowerLiftViewController.h */,
				27C9F02E1C96678C0006261B /* PowerLiftViewController.m */,
				27C9F0281C952B8B0006261B /* DetailWorkoutPowerLiftViewController.m */,
				27C9F02A1C952B940006261B /* DetailWorkoutPowerLiftViewController.h */,
				275433891C951A0E001B5687 /* WorkoutChoiceViewController.m */,
				2754338B1C951A1A001B5687 /* WorkoutChoiceViewController.h */,
				270B88E71C829F0F009DE8B3 /* AnswerTrainerViewController.m */,
				270B88E91C829F1C009DE8B3 /* AnswerTrainerViewController.h */,
				27814AAA1CA79114003DA2D2 /* QA.plist */,
				270B88DF1C8261F7009DE8B3 /* AskTrainerViewController.m */,
				270B88E11C826206009DE8B3 /* AskTrainerViewController.h */,
				27DAE1551C25475E002A03D5 /* DetailWorkoutViewContoller.m */,
				27DAE1571C2547AC002A03D5 /* DetailWorkoutViewController.h */,
				27DAE1581C27D30C002A03D5 /* DetailExerciseViewController.h */,
				27DAE1591C27D328002A03D5 /* DetailExerciseViewController.m */,
				27E116A41C03ABB800E8E2AF /* LaunchScreen.storyboard */,
				27E116A71C03ABB800E8E2AF /* Info.plist */,
				27764C971C055F8D002F9122 /* ExerciseTableViewCell.m */,
				27764C961C055F8D002F9122 /* ExerciseTableViewCell.h */,
				27E116961C03ABB800E8E2AF /* Supporting Files */,
			);
			path = myPersonalTrainer;
			sourceTree = "<group>";
		};
		27E116961C03ABB800E8E2AF /* Supporting Files */ = {
			isa = PBXGroup;
			children = (
				27E116971C03ABB800E8E2AF /* main.m */,
				27C6CB411C21D383009E5341 /* Workout.m */,
				27158D981C0AA8670002272B /* SimpleTableCell.m */,
				27158D9A1C0AA8BE0002272B /* SimpleTableCell.xib */,
				27158D971C0AA84B0002272B /* SimpleTableCell.h */,
				27C9F0561CA4B5A90006261B /* PLStatsCell.xib */,
				27C9F0531CA4B58C0006261B /* PLStatsCell.m */,
				27C9F0551CA4B5980006261B /* PLStatsCell.h */,
				27FA78B61C8189C3002FEC0B /* StatTableCell.xib */,
				27FA78BB1C819D5E002FEC0B /* StatTableCell.m */,
				27FA78BD1C819D68002FEC0B /* StatTableCell.h */,
				270B88E21C826390009DE8B3 /* AnswerCell.xib */,
				270B88E41C8265BB009DE8B3 /* AnswerCell.h */,
				270B88E51C8265C5009DE8B3 /* AnswerCell.m */,
				27C6CB431C21D394009E5341 /* Workout.h */,
				272A3F021C217F7700AAF185 /* WorkoutTableCell.m */,
				272A3F041C217F8600AAF185 /* WorkoutTableCell.h */,
				272A3F051C217FCA00AAF185 /* WorkoutTableCell.xib */,
				270B88ED1C82D227009DE8B3 /* WinnerTableCell.h */,
				270B88EE1C82D231009DE8B3 /* WinnerTableCell.m */,
				270B88F01C82D240009DE8B3 /* WinnerTableCell.xib */,
			);
			name = "Supporting Files";
			sourceTree = "<group>";
		};
		27E116AF1C03ABB900E8E2AF /* myPersonalTrainerTests */ = {
			isa = PBXGroup;
			children = (
				27E116B01C03ABB900E8E2AF /* myPersonalTrainerTests.m */,
				27E116B21C03ABB900E8E2AF /* Info.plist */,
			);
			path = myPersonalTrainerTests;
			sourceTree = "<group>";
		};
		27E116BA1C03ABB900E8E2AF /* myPersonalTrainerUITests */ = {
			isa = PBXGroup;
			children = (
				27E116BB1C03ABB900E8E2AF /* myPersonalTrainerUITests.m */,
				27E116BD1C03ABB900E8E2AF /* Info.plist */,
			);
			path = myPersonalTrainerUITests;
			sourceTree = "<group>";
		};
		27E116C91C03AD0700E8E2AF /* Frameworks */ = {
			isa = PBXGroup;
			children = (
				27784A4F1C432CD300363198 /* FBSDKCoreKit.framework */,
				27784A4D1C432C9F00363198 /* FBSDKShareKit.framework */,
				2741FD7D1C3401D200D15A94 /* Accelerate.framework */,
				2741FD7B1C3401A800D15A94 /* QuartzCore.framework */,
				2741FD601C2B105E00D15A94 /* iAd.framework */,
				27E116CC1C03B5D100E8E2AF /* FBSDKLoginKit.framework */,
			);
			name = Frameworks;
			path = myPersonalTrainer;
			sourceTree = "<group>";
		};
/* End PBXGroup section */

/* Begin PBXNativeTarget section */
		27E116921C03ABB800E8E2AF /* fitSFU */ = {
			isa = PBXNativeTarget;
			buildConfigurationList = 27E116C01C03ABB900E8E2AF /* Build configuration list for PBXNativeTarget "fitSFU" */;
			buildPhases = (
				27E1168F1C03ABB800E8E2AF /* Sources */,
				27E116901C03ABB800E8E2AF /* Frameworks */,
				27E116911C03ABB800E8E2AF /* Resources */,
			);
			buildRules = (
			);
			dependencies = (
				27C9F0501CA4B1770006261B /* PBXTargetDependency */,
			);
			name = fitSFU;
			productName = myPersonalTrainer;
			productReference = 27E116931C03ABB800E8E2AF /* fitSFU.app */;
			productType = "com.apple.product-type.application";
		};
		27E116AB1C03ABB900E8E2AF /* fitSFUTests */ = {
			isa = PBXNativeTarget;
			buildConfigurationList = 27E116C31C03ABB900E8E2AF /* Build configuration list for PBXNativeTarget "fitSFUTests" */;
			buildPhases = (
				27E116A81C03ABB900E8E2AF /* Sources */,
				27E116A91C03ABB900E8E2AF /* Frameworks */,
				27E116AA1C03ABB900E8E2AF /* Resources */,
			);
			buildRules = (
			);
			dependencies = (
				27E116AE1C03ABB900E8E2AF /* PBXTargetDependency */,
			);
			name = fitSFUTests;
			productName = myPersonalTrainerTests;
			productReference = 27E116AC1C03ABB900E8E2AF /* fitSFU.xctest */;
			productType = "com.apple.product-type.bundle.unit-test";
		};
		27E116B61C03ABB900E8E2AF /* fitSFUUITests */ = {
			isa = PBXNativeTarget;
			buildConfigurationList = 27E116C61C03ABB900E8E2AF /* Build configuration list for PBXNativeTarget "fitSFUUITests" */;
			buildPhases = (
				27E116B31C03ABB900E8E2AF /* Sources */,
				27E116B41C03ABB900E8E2AF /* Frameworks */,
				27E116B51C03ABB900E8E2AF /* Resources */,
			);
			buildRules = (
			);
			dependencies = (
				27E116B91C03ABB900E8E2AF /* PBXTargetDependency */,
			);
			name = fitSFUUITests;
			productName = myPersonalTrainerUITests;
			productReference = 27E116B71C03ABB900E8E2AF /* fitSFU.xctest */;
			productType = "com.apple.product-type.bundle.ui-testing";
		};
/* End PBXNativeTarget section */

/* Begin PBXProject section */
		27E1168B1C03ABB800E8E2AF /* Project object */ = {
			isa = PBXProject;
			attributes = {
				LastUpgradeCheck = 0710;
				ORGANIZATIONNAME = "Kyle Griffith";
				TargetAttributes = {
					27E116921C03ABB800E8E2AF = {
						CreatedOnToolsVersion = 7.1;
						DevelopmentTeam = 3F4825EUP7;
					};
					27E116AB1C03ABB900E8E2AF = {
						CreatedOnToolsVersion = 7.1;
						TestTargetID = 27E116921C03ABB800E8E2AF;
					};
					27E116B61C03ABB900E8E2AF = {
						CreatedOnToolsVersion = 7.1;
						TestTargetID = 27E116921C03ABB800E8E2AF;
					};
				};
			};
			buildConfigurationList = 27E1168E1C03ABB800E8E2AF /* Build configuration list for PBXProject "fitSFU" */;
			compatibilityVersion = "Xcode 3.2";
			developmentRegion = English;
			hasScannedForEncodings = 0;
			knownRegions = (
				en,
				Base,
			);
			mainGroup = 27E1168A1C03ABB800E8E2AF;
			productRefGroup = 27E116941C03ABB800E8E2AF /* Products */;
			projectDirPath = "";
			projectReferences = (
				{
					ProductGroup = 27C9F0371CA4B0D10006261B /* Products */;
					ProjectRef = 27C9F0361CA4B0D10006261B /* CorePlot.xcodeproj */;
				},
			);
			projectRoot = "";
			targets = (
				27E116921C03ABB800E8E2AF /* fitSFU */,
				27E116AB1C03ABB900E8E2AF /* fitSFUTests */,
				27E116B61C03ABB900E8E2AF /* fitSFUUITests */,
			);
		};
/* End PBXProject section */

/* Begin PBXReferenceProxy section */
		27C9F0441CA4B0D10006261B /* CorePlot.framework */ = {
			isa = PBXReferenceProxy;
			fileType = wrapper.framework;
			path = CorePlot.framework;
			remoteRef = 27C9F0431CA4B0D10006261B /* PBXContainerItemProxy */;
			sourceTree = BUILT_PRODUCTS_DIR;
		};
		27C9F0461CA4B0D10006261B /* UnitTests.xctest */ = {
			isa = PBXReferenceProxy;
			fileType = wrapper.cfbundle;
			path = UnitTests.xctest;
			remoteRef = 27C9F0451CA4B0D10006261B /* PBXContainerItemProxy */;
			sourceTree = BUILT_PRODUCTS_DIR;
		};
		27C9F0481CA4B0D10006261B /* CorePlot.framework */ = {
			isa = PBXReferenceProxy;
			fileType = wrapper.framework;
			path = CorePlot.framework;
			remoteRef = 27C9F0471CA4B0D10006261B /* PBXContainerItemProxy */;
			sourceTree = BUILT_PRODUCTS_DIR;
		};
		27C9F04A1CA4B0D10006261B /* UnitTests iOS.xctest */ = {
			isa = PBXReferenceProxy;
			fileType = wrapper.cfbundle;
			path = "UnitTests iOS.xctest";
			remoteRef = 27C9F0491CA4B0D10006261B /* PBXContainerItemProxy */;
			sourceTree = BUILT_PRODUCTS_DIR;
		};
		27C9F04C1CA4B0D10006261B /* libCorePlot-CocoaTouch.a */ = {
			isa = PBXReferenceProxy;
			fileType = archive.ar;
			path = "libCorePlot-CocoaTouch.a";
			remoteRef = 27C9F04B1CA4B0D10006261B /* PBXContainerItemProxy */;
			sourceTree = BUILT_PRODUCTS_DIR;
		};
		27C9F04E1CA4B0D10006261B /* CorePlot-CocoaTouchTests.xctest */ = {
			isa = PBXReferenceProxy;
			fileType = wrapper.cfbundle;
			path = "CorePlot-CocoaTouchTests.xctest";
			remoteRef = 27C9F04D1CA4B0D10006261B /* PBXContainerItemProxy */;
			sourceTree = BUILT_PRODUCTS_DIR;
		};
/* End PBXReferenceProxy section */

/* Begin PBXResourcesBuildPhase section */
		27E116911C03ABB800E8E2AF /* Resources */ = {
			isa = PBXResourcesBuildPhase;
			buildActionMask = 2147483647;
			files = (
				273E48C51C4C9B5600F56D57 /* IMG_1140.png in Resources */,
				27814AA41CA76C4A003DA2D2 /* IMG_1405.png in Resources */,
				273E48DB1C4C9B5600F56D57 /* IMG_1184.png in Resources */,
				275433821C938477001B5687 /* IMG_1374.png in Resources */,
				273E48E61C4C9B5600F56D57 /* IMG_1204.png in Resources */,
				279B70B11C3D3F0F0042BD93 /* 1Stars.png in Resources */,
				273E48C61C4C9B5600F56D57 /* IMG_1141.png in Resources */,
				27814AA01CA76983003DA2D2 /* IMG_1392.png in Resources */,
				273E48E41C4C9B5600F56D57 /* IMG_1200.png in Resources */,
				2799F7261C7BC1C30041079B /* Main.storyboard in Resources */,
				272A3F011C217C6C00AAF185 /* Workouts.plist in Resources */,
				273E48E01C4C9B5600F56D57 /* IMG_1195.png in Resources */,
				279B70B81C3D3F290042BD93 /* 0Stars.png in Resources */,
				27FA78B71C8189C3002FEC0B /* StatTableCell.xib in Resources */,
				275433721C938477001B5687 /* IMG_1338.png in Resources */,
				273E48CF1C4C9B5600F56D57 /* IMG_1156.png in Resources */,
				275433861C938477001B5687 /* IMG_1379.png in Resources */,
				275433851C938477001B5687 /* IMG_1378.png in Resources */,
				27814AA51CA76C4A003DA2D2 /* IMG_1406.png in Resources */,
				27C9F02C1C9661A10006261B /* ok-icon.png in Resources */,
				273E48C71C4C9B5600F56D57 /* IMG_1142.png in Resources */,
				275433791C938477001B5687 /* IMG_1356.png in Resources */,
				273E48CE1C4C9B5600F56D57 /* IMG_1154.png in Resources */,
				273E48D61C4C9B5600F56D57 /* IMG_1174.png in Resources */,
				273E48BD1C4C9B5600F56D57 /* IMG_1117.png in Resources */,
				275433731C938477001B5687 /* IMG_1340.png in Resources */,
				27814AA81CA76D3C003DA2D2 /* IMG_1396.png in Resources */,
				27E116A61C03ABB800E8E2AF /* LaunchScreen.storyboard in Resources */,
				2741FD911C36752700D15A94 /* Muscles.plist in Resources */,
				27E116A31C03ABB800E8E2AF /* Assets.xcassets in Resources */,
				275433801C938477001B5687 /* IMG_1371.png in Resources */,
				275433751C938477001B5687 /* IMG_1342.png in Resources */,
				273E48D71C4C9B5600F56D57 /* IMG_1176.png in Resources */,
				275433811C938477001B5687 /* IMG_1373.png in Resources */,
				279B70A91C3D1FE00042BD93 /* 5Stars.png in Resources */,
				273E48DA1C4C9B5600F56D57 /* IMG_1182.png in Resources */,
				2754337A1C938477001B5687 /* IMG_1357.png in Resources */,
				273E48CD1C4C9B5600F56D57 /* IMG_1152.png in Resources */,
				273E48D11C4C9B5600F56D57 /* IMG_1163.png in Resources */,
				273E48C91C4C9B5600F56D57 /* IMG_1144.png in Resources */,
				273E48D51C4C9B5600F56D57 /* IMG_1172.png in Resources */,
				275433701C938477001B5687 /* IMG_1110.png in Resources */,
				273E48DD1C4C9B5600F56D57 /* IMG_1187.png in Resources */,
				273E48D21C4C9B5600F56D57 /* IMG_1165.png in Resources */,
				273E48EB1C4C9B5600F56D57 /* IMG_1236.png in Resources */,
				273E48EA1C4C9B5600F56D57 /* IMG_1235.png in Resources */,
				273E48E71C4C9B5600F56D57 /* IMG_1206.png in Resources */,
				273E48CB1C4C9B5600F56D57 /* IMG_1148.png in Resources */,
				275433841C938477001B5687 /* IMG_1377.png in Resources */,
				273E48DC1C4C9B5600F56D57 /* IMG_1186.png in Resources */,
				273E48E21C4C9B5600F56D57 /* IMG_1198.png in Resources */,
				273E48BE1C4C9B5600F56D57 /* IMG_1121.png in Resources */,
				27C9F0571CA4B5A90006261B /* PLStatsCell.xib in Resources */,
				273E48CA1C4C9B5600F56D57 /* IMG_1145.png in Resources */,
				273E48C41C4C9B5600F56D57 /* IMG_1139.png in Resources */,
				273E48DE1C4C9B5600F56D57 /* IMG_1189.png in Resources */,
				273E48D91C4C9B5600F56D57 /* IMG_1180.png in Resources */,
				275433711C938477001B5687 /* IMG_1337.png in Resources */,
				275433741C938477001B5687 /* IMG_1341.png in Resources */,
				273E48E11C4C9B5600F56D57 /* IMG_1197.png in Resources */,
				273E48D81C4C9B5600F56D57 /* IMG_1178.png in Resources */,
				273E48EC1C4C9B5600F56D57 /* IMG_1238.png in Resources */,
				27814AA11CA76983003DA2D2 /* IMG_1393.png in Resources */,
				275433831C938477001B5687 /* IMG_1376.png in Resources */,
				273E48D41C4C9B5600F56D57 /* IMG_1171.png in Resources */,
				279B70B31C3D3F0F0042BD93 /* 3Stars.png in Resources */,
				273E48C01C4C9B5600F56D57 /* IMG_1127.png in Resources */,
				279B70B41C3D3F0F0042BD93 /* 4Stars.png in Resources */,
				273E48E51C4C9B5600F56D57 /* IMG_1202.png in Resources */,
				279B70B21C3D3F0F0042BD93 /* 2Stars.png in Resources */,
				273E48E31C4C9B5600F56D57 /* IMG_1199.png in Resources */,
				2754337E1C938477001B5687 /* IMG_1365.png in Resources */,
				273E48CC1C4C9B5600F56D57 /* IMG_1150.png in Resources */,
				270B88E31C826390009DE8B3 /* AnswerCell.xib in Resources */,
				275433871C938477001B5687 /* IMG_1385.png in Resources */,
				27D96C501C3FE31B0055ADAF /* sidePlank2.png in Resources */,
				27814AAB1CA79114003DA2D2 /* QA.plist in Resources */,
				27814A931CA766FA003DA2D2 /* IMG_1344.png in Resources */,
				27814AA91CA76D3C003DA2D2 /* IMG_1397.png in Resources */,
				273E48DF1C4C9B5600F56D57 /* IMG_1191.png in Resources */,
				2754337D1C938477001B5687 /* IMG_1363.png in Resources */,
				27158D931C0A9A1A0002272B /* Exercises.plist in Resources */,
				2754337B1C938477001B5687 /* IMG_1360.png in Resources */,
				273E48C21C4C9B5600F56D57 /* IMG_1132.png in Resources */,
				272A3F061C217FCA00AAF185 /* WorkoutTableCell.xib in Resources */,
				27158D9B1C0AA8BE0002272B /* SimpleTableCell.xib in Resources */,
				270B88F11C82D240009DE8B3 /* WinnerTableCell.xib in Resources */,
				27117ED41C585A1800EF4516 /* mpt2.jpg in Resources */,
				2754337C1C938477001B5687 /* IMG_1361.png in Resources */,
				273E48D01C4C9B5600F56D57 /* IMG_1161.png in Resources */,
				273E48C31C4C9B5600F56D57 /* IMG_1133.png in Resources */,
				273E48C81C4C9B5600F56D57 /* IMG_1143.png in Resources */,
				273E48BC1C4C9B5600F56D57 /* IMG_1115.png in Resources */,
				275433881C938477001B5687 /* IMG_1386.png in Resources */,
				27814A941CA766FA003DA2D2 /* IMG_1346.png in Resources */,
				273E48E91C4C9B5600F56D57 /* IMG_1231.png in Resources */,
				27D96C4F1C3FE31B0055ADAF /* sidePlank1.png in Resources */,
				273E48BF1C4C9B5600F56D57 /* IMG_1125.png in Resources */,
				273E48C11C4C9B5600F56D57 /* IMG_1129.png in Resources */,
				273E48D31C4C9B5600F56D57 /* IMG_1169.png in Resources */,
				275433761C938477001B5687 /* IMG_1343.png in Resources */,
				2754337F1C938477001B5687 /* IMG_1370.png in Resources */,
				273E48BB1C4C9B5600F56D57 /* IMG_1111.png in Resources */,
				273E48E81C4C9B5600F56D57 /* IMG_1230.png in Resources */,
			);
			runOnlyForDeploymentPostprocessing = 0;
		};
		27E116AA1C03ABB900E8E2AF /* Resources */ = {
			isa = PBXResourcesBuildPhase;
			buildActionMask = 2147483647;
			files = (
			);
			runOnlyForDeploymentPostprocessing = 0;
		};
		27E116B51C03ABB900E8E2AF /* Resources */ = {
			isa = PBXResourcesBuildPhase;
			buildActionMask = 2147483647;
			files = (
			);
			runOnlyForDeploymentPostprocessing = 0;
		};
/* End PBXResourcesBuildPhase section */

/* Begin PBXSourcesBuildPhase section */
		27E1168F1C03ABB800E8E2AF /* Sources */ = {
			isa = PBXSourcesBuildPhase;
			buildActionMask = 2147483647;
			files = (
				272BD16C1C4F31840006519D /* ViewController.m in Sources */,
				270B88EF1C82D231009DE8B3 /* WinnerTableCell.m in Sources */,
				272A3EFE1C2178CB00AAF185 /* WorkoutViewContoller.m in Sources */,
				27764C981C055F8D002F9122 /* ExerciseTableViewCell.m in Sources */,
				27C9F02F1C96678C0006261B /* PowerLiftViewController.m in Sources */,
				2720DB7D1C05346E00B7F7CD /* TableViewController.m in Sources */,
				2799F72B1C7BE6040041079B /* CheckInViewController.m in Sources */,
				270B88E01C8261F7009DE8B3 /* AskTrainerViewController.m in Sources */,
				27E1169B1C03ABB800E8E2AF /* AppDelegate.m in Sources */,
				270B88E61C8265C5009DE8B3 /* AnswerCell.m in Sources */,
				27C9F0291C952B8B0006261B /* DetailWorkoutPowerLiftViewController.m in Sources */,
				272A3F031C217F7700AAF185 /* WorkoutTableCell.m in Sources */,
				27FA78B01C811DC6002FEC0B /* SuggestionsViewController.m in Sources */,
				2754338A1C951A0E001B5687 /* WorkoutChoiceViewController.m in Sources */,
				27158D991C0AA8670002272B /* SimpleTableCell.m in Sources */,
				27C9F0591CA4B8050006261B /* PLStatisticsViewController.m in Sources */,
				27DAE1561C25475E002A03D5 /* DetailWorkoutViewContoller.m in Sources */,
				27E116981C03ABB800E8E2AF /* main.m in Sources */,
				2754338D1C95286B001B5687 /* PowerLiftChoiceViewController.m in Sources */,
				27FA78BC1C819D5E002FEC0B /* StatTableCell.m in Sources */,
				27C9F0541CA4B58C0006261B /* PLStatsCell.m in Sources */,
				270B88E81C829F0F009DE8B3 /* AnswerTrainerViewController.m in Sources */,
				27C6CB421C21D383009E5341 /* Workout.m in Sources */,
				27DAE15A1C27D328002A03D5 /* DetailExerciseViewController.m in Sources */,
				2741FD801C34027500D15A94 /* StatisticsViewController.m in Sources */,
			);
			runOnlyForDeploymentPostprocessing = 0;
		};
		27E116A81C03ABB900E8E2AF /* Sources */ = {
			isa = PBXSourcesBuildPhase;
			buildActionMask = 2147483647;
			files = (
				27E116B11C03ABB900E8E2AF /* myPersonalTrainerTests.m in Sources */,
			);
			runOnlyForDeploymentPostprocessing = 0;
		};
		27E116B31C03ABB900E8E2AF /* Sources */ = {
			isa = PBXSourcesBuildPhase;
			buildActionMask = 2147483647;
			files = (
				27E116BC1C03ABB900E8E2AF /* myPersonalTrainerUITests.m in Sources */,
			);
			runOnlyForDeploymentPostprocessing = 0;
		};
/* End PBXSourcesBuildPhase section */

/* Begin PBXTargetDependency section */
		27C9F0501CA4B1770006261B /* PBXTargetDependency */ = {
			isa = PBXTargetDependency;
			name = "CorePlot-CocoaTouch";
			targetProxy = 27C9F04F1CA4B1770006261B /* PBXContainerItemProxy */;
		};
		27E116AE1C03ABB900E8E2AF /* PBXTargetDependency */ = {
			isa = PBXTargetDependency;
			target = 27E116921C03ABB800E8E2AF /* fitSFU */;
			targetProxy = 27E116AD1C03ABB900E8E2AF /* PBXContainerItemProxy */;
		};
		27E116B91C03ABB900E8E2AF /* PBXTargetDependency */ = {
			isa = PBXTargetDependency;
			target = 27E116921C03ABB800E8E2AF /* fitSFU */;
			targetProxy = 27E116B81C03ABB900E8E2AF /* PBXContainerItemProxy */;
		};
/* End PBXTargetDependency section */

/* Begin PBXVariantGroup section */
		27E116A41C03ABB800E8E2AF /* LaunchScreen.storyboard */ = {
			isa = PBXVariantGroup;
			children = (
				27E116A51C03ABB800E8E2AF /* Base */,
			);
			name = LaunchScreen.storyboard;
			sourceTree = "<group>";
		};
/* End PBXVariantGroup section */

/* Begin XCBuildConfiguration section */
		27E116BE1C03ABB900E8E2AF /* Debug */ = {
			isa = XCBuildConfiguration;
			buildSettings = {
				ALWAYS_SEARCH_USER_PATHS = NO;
				CLANG_CXX_LANGUAGE_STANDARD = "gnu++0x";
				CLANG_CXX_LIBRARY = "libc++";
				CLANG_ENABLE_MODULES = YES;
				CLANG_ENABLE_OBJC_ARC = YES;
				CLANG_WARN_BOOL_CONVERSION = YES;
				CLANG_WARN_CONSTANT_CONVERSION = YES;
				CLANG_WARN_DIRECT_OBJC_ISA_USAGE = YES_ERROR;
				CLANG_WARN_EMPTY_BODY = YES;
				CLANG_WARN_ENUM_CONVERSION = YES;
				CLANG_WARN_INT_CONVERSION = YES;
				CLANG_WARN_OBJC_ROOT_CLASS = YES_ERROR;
				CLANG_WARN_UNREACHABLE_CODE = YES;
				CLANG_WARN__DUPLICATE_METHOD_MATCH = YES;
				CODE_SIGN_IDENTITY = "iPhone Developer";
				"CODE_SIGN_IDENTITY[sdk=iphoneos*]" = "iPhone Developer";
				COPY_PHASE_STRIP = NO;
				DEBUG_INFORMATION_FORMAT = dwarf;
				ENABLE_STRICT_OBJC_MSGSEND = YES;
				ENABLE_TESTABILITY = YES;
				GCC_C_LANGUAGE_STANDARD = gnu99;
				GCC_DYNAMIC_NO_PIC = NO;
				GCC_NO_COMMON_BLOCKS = YES;
				GCC_OPTIMIZATION_LEVEL = 0;
				GCC_PREPROCESSOR_DEFINITIONS = (
					"DEBUG=1",
					"$(inherited)",
				);
				GCC_WARN_64_TO_32_BIT_CONVERSION = YES;
				GCC_WARN_ABOUT_RETURN_TYPE = YES_ERROR;
				GCC_WARN_UNDECLARED_SELECTOR = YES;
				GCC_WARN_UNINITIALIZED_AUTOS = YES_AGGRESSIVE;
				GCC_WARN_UNUSED_FUNCTION = YES;
				GCC_WARN_UNUSED_VARIABLE = YES;
				IPHONEOS_DEPLOYMENT_TARGET = 9.1;
				MTL_ENABLE_DEBUG_INFO = YES;
				ONLY_ACTIVE_ARCH = YES;
				SDKROOT = iphoneos;
			};
			name = Debug;
		};
		27E116BF1C03ABB900E8E2AF /* Release */ = {
			isa = XCBuildConfiguration;
			buildSettings = {
				ALWAYS_SEARCH_USER_PATHS = NO;
				CLANG_CXX_LANGUAGE_STANDARD = "gnu++0x";
				CLANG_CXX_LIBRARY = "libc++";
				CLANG_ENABLE_MODULES = YES;
				CLANG_ENABLE_OBJC_ARC = YES;
				CLANG_WARN_BOOL_CONVERSION = YES;
				CLANG_WARN_CONSTANT_CONVERSION = YES;
				CLANG_WARN_DIRECT_OBJC_ISA_USAGE = YES_ERROR;
				CLANG_WARN_EMPTY_BODY = YES;
				CLANG_WARN_ENUM_CONVERSION = YES;
				CLANG_WARN_INT_CONVERSION = YES;
				CLANG_WARN_OBJC_ROOT_CLASS = YES_ERROR;
				CLANG_WARN_UNREACHABLE_CODE = YES;
				CLANG_WARN__DUPLICATE_METHOD_MATCH = YES;
				CODE_SIGN_IDENTITY = "iPhone Developer";
				"CODE_SIGN_IDENTITY[sdk=iphoneos*]" = "iPhone Developer";
				COPY_PHASE_STRIP = NO;
				DEBUG_INFORMATION_FORMAT = "dwarf-with-dsym";
				ENABLE_NS_ASSERTIONS = NO;
				ENABLE_STRICT_OBJC_MSGSEND = YES;
				GCC_C_LANGUAGE_STANDARD = gnu99;
				GCC_NO_COMMON_BLOCKS = YES;
				GCC_WARN_64_TO_32_BIT_CONVERSION = YES;
				GCC_WARN_ABOUT_RETURN_TYPE = YES_ERROR;
				GCC_WARN_UNDECLARED_SELECTOR = YES;
				GCC_WARN_UNINITIALIZED_AUTOS = YES_AGGRESSIVE;
				GCC_WARN_UNUSED_FUNCTION = YES;
				GCC_WARN_UNUSED_VARIABLE = YES;
				IPHONEOS_DEPLOYMENT_TARGET = 9.1;
				MTL_ENABLE_DEBUG_INFO = NO;
				SDKROOT = iphoneos;
				VALIDATE_PRODUCT = YES;
			};
			name = Release;
		};
		27E116C11C03ABB900E8E2AF /* Debug */ = {
			isa = XCBuildConfiguration;
			buildSettings = {
				ASSETCATALOG_COMPILER_APPICON_NAME = AppIcon;
				CODE_SIGN_IDENTITY = "iPhone Developer";
				"CODE_SIGN_IDENTITY[sdk=iphoneos*]" = "iPhone Developer";
				FRAMEWORK_SEARCH_PATHS = /Users/kyle/Documents/FacebookSDK;
				HEADER_SEARCH_PATHS = "/Users/kyle/Downloads/core-plot-master/framework/**";
				INFOPLIST_FILE = myPersonalTrainer/Info.plist;
				LD_RUNPATH_SEARCH_PATHS = "$(inherited) @executable_path/Frameworks";
				OTHER_LDFLAGS = (
					"-Objc",
					"-all_load",
				);
				PRODUCT_BUNDLE_IDENTIFIER = com.kyleG.fitSFU;
				PRODUCT_NAME = fitSFU;
				PROVISIONING_PROFILE = "";
			};
			name = Debug;
		};
		27E116C21C03ABB900E8E2AF /* Release */ = {
			isa = XCBuildConfiguration;
			buildSettings = {
				ASSETCATALOG_COMPILER_APPICON_NAME = AppIcon;
				CODE_SIGN_IDENTITY = "iPhone Developer";
				"CODE_SIGN_IDENTITY[sdk=iphoneos*]" = "iPhone Developer";
				FRAMEWORK_SEARCH_PATHS = /Users/kyle/Documents/FacebookSDK;
				HEADER_SEARCH_PATHS = "/Users/kyle/Downloads/core-plot-master/framework/**";
				INFOPLIST_FILE = myPersonalTrainer/Info.plist;
				LD_RUNPATH_SEARCH_PATHS = "$(inherited) @executable_path/Frameworks";
				OTHER_LDFLAGS = (
					"-Objc",
					"-all_load",
				);
				PRODUCT_BUNDLE_IDENTIFIER = com.kyleG.fitSFU;
				PRODUCT_NAME = fitSFU;
				PROVISIONING_PROFILE = "";
			};
			name = Release;
		};
		27E116C41C03ABB900E8E2AF /* Debug */ = {
			isa = XCBuildConfiguration;
			buildSettings = {
				BUNDLE_LOADER = "$(TEST_HOST)";
				INFOPLIST_FILE = myPersonalTrainerTests/Info.plist;
				LD_RUNPATH_SEARCH_PATHS = "$(inherited) @executable_path/Frameworks @loader_path/Frameworks";
				PRODUCT_BUNDLE_IDENTIFIER = com.Griffith.myPersonalTrainerTests;
				PRODUCT_NAME = fitSFU;
				TEST_HOST = "$(BUILT_PRODUCTS_DIR)/fitSFU.app/fitSFU";
			};
			name = Debug;
		};
		27E116C51C03ABB900E8E2AF /* Release */ = {
			isa = XCBuildConfiguration;
			buildSettings = {
				BUNDLE_LOADER = "$(TEST_HOST)";
				INFOPLIST_FILE = myPersonalTrainerTests/Info.plist;
				LD_RUNPATH_SEARCH_PATHS = "$(inherited) @executable_path/Frameworks @loader_path/Frameworks";
				PRODUCT_BUNDLE_IDENTIFIER = com.Griffith.myPersonalTrainerTests;
				PRODUCT_NAME = fitSFU;
				TEST_HOST = "$(BUILT_PRODUCTS_DIR)/fitSFU.app/fitSFU";
			};
			name = Release;
		};
		27E116C71C03ABB900E8E2AF /* Debug */ = {
			isa = XCBuildConfiguration;
			buildSettings = {
				INFOPLIST_FILE = myPersonalTrainerUITests/Info.plist;
				LD_RUNPATH_SEARCH_PATHS = "$(inherited) @executable_path/Frameworks @loader_path/Frameworks";
				PRODUCT_BUNDLE_IDENTIFIER = com.Griffith.myPersonalTrainerUITests;
				PRODUCT_NAME = fitSFU;
				TEST_TARGET_NAME = myPersonalTrainer;
				USES_XCTRUNNER = YES;
			};
			name = Debug;
		};
		27E116C81C03ABB900E8E2AF /* Release */ = {
			isa = XCBuildConfiguration;
			buildSettings = {
				INFOPLIST_FILE = myPersonalTrainerUITests/Info.plist;
				LD_RUNPATH_SEARCH_PATHS = "$(inherited) @executable_path/Frameworks @loader_path/Frameworks";
				PRODUCT_BUNDLE_IDENTIFIER = com.Griffith.myPersonalTrainerUITests;
				PRODUCT_NAME = fitSFU;
				TEST_TARGET_NAME = myPersonalTrainer;
				USES_XCTRUNNER = YES;
			};
			name = Release;
		};
/* End XCBuildConfiguration section */

/* Begin XCConfigurationList section */
		27E1168E1C03ABB800E8E2AF /* Build configuration list for PBXProject "fitSFU" */ = {
			isa = XCConfigurationList;
			buildConfigurations = (
				27E116BE1C03ABB900E8E2AF /* Debug */,
				27E116BF1C03ABB900E8E2AF /* Release */,
			);
			defaultConfigurationIsVisible = 0;
			defaultConfigurationName = Release;
		};
		27E116C01C03ABB900E8E2AF /* Build configuration list for PBXNativeTarget "fitSFU" */ = {
			isa = XCConfigurationList;
			buildConfigurations = (
				27E116C11C03ABB900E8E2AF /* Debug */,
				27E116C21C03ABB900E8E2AF /* Release */,
			);
			defaultConfigurationIsVisible = 0;
			defaultConfigurationName = Release;
		};
		27E116C31C03ABB900E8E2AF /* Build configuration list for PBXNativeTarget "fitSFUTests" */ = {
			isa = XCConfigurationList;
			buildConfigurations = (
				27E116C41C03ABB900E8E2AF /* Debug */,
				27E116C51C03ABB900E8E2AF /* Release */,
			);
			defaultConfigurationIsVisible = 0;
			defaultConfigurationName = Release;
		};
		27E116C61C03ABB900E8E2AF /* Build configuration list for PBXNativeTarget "fitSFUUITests" */ = {
			isa = XCConfigurationList;
			buildConfigurations = (
				27E116C71C03ABB900E8E2AF /* Debug */,
				27E116C81C03ABB900E8E2AF /* Release */,
			);
			defaultConfigurationIsVisible = 0;
			defaultConfigurationName = Release;
		};
/* End XCConfigurationList section */
	};
	rootObject = 27E1168B1C03ABB800E8E2AF /* Project object */;
}
